
Microsoft Visual Studio Solution File, Format Version 12.00
# Visual Studio Version 17
VisualStudioVersion = 17.5.2.0
MinimumVisualStudioVersion = 10.0.40219.1
Project("{FAE04EC0-301F-11D3-BF4B-00C04F79EFBC}") = "AIOS.VisualInterface", "visual_interface\AIOS.VisualInterface.csproj", "{7FDE7C59-1C66-93BA-E455-F5129AE52B5F}"
EndProject
Project("{2150E333-8FDC-42A3-9474-1A3956D46DE8}") = "interface", "interface", "{A83FB771-9961-F8C1-4A11-26F20453E45E}"
EndProject
Project("{FAE04EC0-301F-11D3-BF4B-00C04F79EFBC}") = "AIOS.Models", "interface\AIOS.Models\AIOS.Models.csproj", "{357E5452-C7C7-C3E7-2BC0-1DCDE2BE8520}"
EndProject
Project("{FAE04EC0-301F-11D3-BF4B-00C04F79EFBC}") = "AIOS.Services", "interface\AIOS.Services\AIOS.Services.csproj", "{E4B79D04-EF7C-6EDD-5B04-11D4EBB23B9E}"
EndProject
Project("{FAE04EC0-301F-11D3-BF4B-00C04F79EFBC}") = "AIOS.UI.Clean", "interface\AIOS.UI\AIOS.UI.Clean.csproj", "{91BBB4DB-75D7-FFC8-3CFA-1AF23674B263}"
EndProject
Project("{FAE04EC0-301F-11D3-BF4B-00C04F79EFBC}") = "AIOS.UI", "interface\AIOS.UI\AIOS.UI.csproj", "{1CA97B79-0AB3-A24C-21D0-46DD8E0EBAD8}"
EndProject
Project("{FAE04EC0-301F-11D3-BF4B-00C04F79EFBC}") = "AIOS.UI.Minimal", "interface\AIOS.UI\AIOS.UI.Minimal.csproj", "{116A2CB9-7C91-E7A3-E76E-17C419047771}"
EndProject
Project("{FAE04EC0-301F-11D3-BF4B-00C04F79EFBC}") = "AIOS.UI.Diagnostics", "interface\AIOS.UI.Diagnostics\AIOS.UI.Diagnostics.csproj", "{A0AC6948-AF07-49BF-95DB-C8B94B45C99C}"
EndProject
Project("{2150E333-8FDC-42A3-9474-1A3956D46DE8}") = "core", "core", "{FBF56CC3-7AE6-AD2D-3F14-7F97FD322CD6}"
EndProject
Project("{FAE04EC0-301F-11D3-BF4B-00C04F79EFBC}") = "AIOS.Core", "core\core_systems\AIOS.Core.csproj", "{76FA93FB-F1A2-4568-9A3D-CE90125527F0}"
EndProject
Global
	GlobalSection(SolutionConfigurationPlatforms) = preSolution
		Debug|Any CPU = Debug|Any CPU
		Debug|x64 = Debug|x64
		Debug|x86 = Debug|x86
		Release|Any CPU = Release|Any CPU
		Release|x64 = Release|x64
		Release|x86 = Release|x86
	EndGlobalSection
	GlobalSection(ProjectConfigurationPlatforms) = postSolution
		{7FDE7C59-1C66-93BA-E455-F5129AE52B5F}.Debug|Any CPU.ActiveCfg = Debug|Any CPU
		{7FDE7C59-1C66-93BA-E455-F5129AE52B5F}.Debug|Any CPU.Build.0 = Debug|Any CPU
		{7FDE7C59-1C66-93BA-E455-F5129AE52B5F}.Debug|x64.ActiveCfg = Debug|Any CPU
		{7FDE7C59-1C66-93BA-E455-F5129AE52B5F}.Debug|x64.Build.0 = Debug|Any CPU
		{7FDE7C59-1C66-93BA-E455-F5129AE52B5F}.Debug|x86.ActiveCfg = Debug|Any CPU
		{7FDE7C59-1C66-93BA-E455-F5129AE52B5F}.Debug|x86.Build.0 = Debug|Any CPU
		{7FDE7C59-1C66-93BA-E455-F5129AE52B5F}.Release|Any CPU.ActiveCfg = Release|Any CPU
		{7FDE7C59-1C66-93BA-E455-F5129AE52B5F}.Release|Any CPU.Build.0 = Release|Any CPU
		{7FDE7C59-1C66-93BA-E455-F5129AE52B5F}.Release|x64.ActiveCfg = Release|Any CPU
		{7FDE7C59-1C66-93BA-E455-F5129AE52B5F}.Release|x64.Build.0 = Release|Any CPU
		{7FDE7C59-1C66-93BA-E455-F5129AE52B5F}.Release|x86.ActiveCfg = Release|Any CPU
		{7FDE7C59-1C66-93BA-E455-F5129AE52B5F}.Release|x86.Build.0 = Release|Any CPU
		{357E5452-C7C7-C3E7-2BC0-1DCDE2BE8520}.Debug|Any CPU.ActiveCfg = Debug|Any CPU
		{357E5452-C7C7-C3E7-2BC0-1DCDE2BE8520}.Debug|Any CPU.Build.0 = Debug|Any CPU
		{357E5452-C7C7-C3E7-2BC0-1DCDE2BE8520}.Debug|x64.ActiveCfg = Debug|Any CPU
		{357E5452-C7C7-C3E7-2BC0-1DCDE2BE8520}.Debug|x64.Build.0 = Debug|Any CPU
		{357E5452-C7C7-C3E7-2BC0-1DCDE2BE8520}.Debug|x86.ActiveCfg = Debug|Any CPU
		{357E5452-C7C7-C3E7-2BC0-1DCDE2BE8520}.Debug|x86.Build.0 = Debug|Any CPU
		{357E5452-C7C7-C3E7-2BC0-1DCDE2BE8520}.Release|Any CPU.ActiveCfg = Release|Any CPU
		{357E5452-C7C7-C3E7-2BC0-1DCDE2BE8520}.Release|Any CPU.Build.0 = Release|Any CPU
		{357E5452-C7C7-C3E7-2BC0-1DCDE2BE8520}.Release|x64.ActiveCfg = Release|Any CPU
		{357E5452-C7C7-C3E7-2BC0-1DCDE2BE8520}.Release|x64.Build.0 = Release|Any CPU
		{357E5452-C7C7-C3E7-2BC0-1DCDE2BE8520}.Release|x86.ActiveCfg = Release|Any CPU
		{357E5452-C7C7-C3E7-2BC0-1DCDE2BE8520}.Release|x86.Build.0 = Release|Any CPU
		{E4B79D04-EF7C-6EDD-5B04-11D4EBB23B9E}.Debug|Any CPU.ActiveCfg = Debug|Any CPU
		{E4B79D04-EF7C-6EDD-5B04-11D4EBB23B9E}.Debug|Any CPU.Build.0 = Debug|Any CPU
		{E4B79D04-EF7C-6EDD-5B04-11D4EBB23B9E}.Debug|x64.ActiveCfg = Debug|Any CPU
		{E4B79D04-EF7C-6EDD-5B04-11D4EBB23B9E}.Debug|x64.Build.0 = Debug|Any CPU
		{E4B79D04-EF7C-6EDD-5B04-11D4EBB23B9E}.Debug|x86.ActiveCfg = Debug|Any CPU
		{E4B79D04-EF7C-6EDD-5B04-11D4EBB23B9E}.Debug|x86.Build.0 = Debug|Any CPU
		{E4B79D04-EF7C-6EDD-5B04-11D4EBB23B9E}.Release|Any CPU.ActiveCfg = Release|Any CPU
		{E4B79D04-EF7C-6EDD-5B04-11D4EBB23B9E}.Release|Any CPU.Build.0 = Release|Any CPU
		{E4B79D04-EF7C-6EDD-5B04-11D4EBB23B9E}.Release|x64.ActiveCfg = Release|Any CPU
		{E4B79D04-EF7C-6EDD-5B04-11D4EBB23B9E}.Release|x64.Build.0 = Release|Any CPU
		{E4B79D04-EF7C-6EDD-5B04-11D4EBB23B9E}.Release|x86.ActiveCfg = Release|Any CPU
		{E4B79D04-EF7C-6EDD-5B04-11D4EBB23B9E}.Release|x86.Build.0 = Release|Any CPU
		{91BBB4DB-75D7-FFC8-3CFA-1AF23674B263}.Debug|Any CPU.ActiveCfg = Debug|Any CPU
		{91BBB4DB-75D7-FFC8-3CFA-1AF23674B263}.Debug|Any CPU.Build.0 = Debug|Any CPU
		{91BBB4DB-75D7-FFC8-3CFA-1AF23674B263}.Debug|x64.ActiveCfg = Debug|Any CPU
		{91BBB4DB-75D7-FFC8-3CFA-1AF23674B263}.Debug|x64.Build.0 = Debug|Any CPU
		{91BBB4DB-75D7-FFC8-3CFA-1AF23674B263}.Debug|x86.ActiveCfg = Debug|Any CPU
		{91BBB4DB-75D7-FFC8-3CFA-1AF23674B263}.Debug|x86.Build.0 = Debug|Any CPU
		{91BBB4DB-75D7-FFC8-3CFA-1AF23674B263}.Release|Any CPU.ActiveCfg = Release|Any CPU
		{91BBB4DB-75D7-FFC8-3CFA-1AF23674B263}.Release|Any CPU.Build.0 = Release|Any CPU
		{91BBB4DB-75D7-FFC8-3CFA-1AF23674B263}.Release|x64.ActiveCfg = Release|Any CPU
		{91BBB4DB-75D7-FFC8-3CFA-1AF23674B263}.Release|x64.Build.0 = Release|Any CPU
		{91BBB4DB-75D7-FFC8-3CFA-1AF23674B263}.Release|x86.ActiveCfg = Release|Any CPU
		{91BBB4DB-75D7-FFC8-3CFA-1AF23674B263}.Release|x86.Build.0 = Release|Any CPU
		{1CA97B79-0AB3-A24C-21D0-46DD8E0EBAD8}.Debug|Any CPU.ActiveCfg = Debug|Any CPU
		{1CA97B79-0AB3-A24C-21D0-46DD8E0EBAD8}.Debug|Any CPU.Build.0 = Debug|Any CPU
		{1CA97B79-0AB3-A24C-21D0-46DD8E0EBAD8}.Debug|x64.ActiveCfg = Debug|Any CPU
		{1CA97B79-0AB3-A24C-21D0-46DD8E0EBAD8}.Debug|x64.Build.0 = Debug|Any CPU
		{1CA97B79-0AB3-A24C-21D0-46DD8E0EBAD8}.Debug|x86.ActiveCfg = Debug|Any CPU
		{1CA97B79-0AB3-A24C-21D0-46DD8E0EBAD8}.Debug|x86.Build.0 = Debug|Any CPU
		{1CA97B79-0AB3-A24C-21D0-46DD8E0EBAD8}.Release|Any CPU.ActiveCfg = Release|Any CPU
		{1CA97B79-0AB3-A24C-21D0-46DD8E0EBAD8}.Release|Any CPU.Build.0 = Release|Any CPU
		{1CA97B79-0AB3-A24C-21D0-46DD8E0EBAD8}.Release|x64.ActiveCfg = Release|Any CPU
		{1CA97B79-0AB3-A24C-21D0-46DD8E0EBAD8}.Release|x64.Build.0 = Release|Any CPU
		{1CA97B79-0AB3-A24C-21D0-46DD8E0EBAD8}.Release|x86.ActiveCfg = Release|Any CPU
		{1CA97B79-0AB3-A24C-21D0-46DD8E0EBAD8}.Release|x86.Build.0 = Release|Any CPU
		{116A2CB9-7C91-E7A3-E76E-17C419047771}.Debug|Any CPU.ActiveCfg = Debug|Any CPU
		{116A2CB9-7C91-E7A3-E76E-17C419047771}.Debug|Any CPU.Build.0 = Debug|Any CPU
		{116A2CB9-7C91-E7A3-E76E-17C419047771}.Debug|x64.ActiveCfg = Debug|Any CPU
		{116A2CB9-7C91-E7A3-E76E-17C419047771}.Debug|x64.Build.0 = Debug|Any CPU
		{116A2CB9-7C91-E7A3-E76E-17C419047771}.Debug|x86.ActiveCfg = Debug|Any CPU
		{116A2CB9-7C91-E7A3-E76E-17C419047771}.Debug|x86.Build.0 = Debug|Any CPU
		{116A2CB9-7C91-E7A3-E76E-17C419047771}.Release|Any CPU.ActiveCfg = Release|Any CPU
		{116A2CB9-7C91-E7A3-E76E-17C419047771}.Release|Any CPU.Build.0 = Release|Any CPU
		{116A2CB9-7C91-E7A3-E76E-17C419047771}.Release|x64.ActiveCfg = Release|Any CPU
		{116A2CB9-7C91-E7A3-E76E-17C419047771}.Release|x64.Build.0 = Release|Any CPU
		{116A2CB9-7C91-E7A3-E76E-17C419047771}.Release|x86.ActiveCfg = Release|Any CPU
		{116A2CB9-7C91-E7A3-E76E-17C419047771}.Release|x86.Build.0 = Release|Any CPU
		{A0AC6948-AF07-49BF-95DB-C8B94B45C99C}.Debug|Any CPU.ActiveCfg = Debug|Any CPU
		{A0AC6948-AF07-49BF-95DB-C8B94B45C99C}.Debug|Any CPU.Build.0 = Debug|Any CPU
		{A0AC6948-AF07-49BF-95DB-C8B94B45C99C}.Debug|x64.ActiveCfg = Debug|Any CPU
		{A0AC6948-AF07-49BF-95DB-C8B94B45C99C}.Debug|x64.Build.0 = Debug|Any CPU
		{A0AC6948-AF07-49BF-95DB-C8B94B45C99C}.Debug|x86.ActiveCfg = Debug|Any CPU
		{A0AC6948-AF07-49BF-95DB-C8B94B45C99C}.Debug|x86.Build.0 = Debug|Any CPU
		{A0AC6948-AF07-49BF-95DB-C8B94B45C99C}.Release|Any CPU.ActiveCfg = Release|Any CPU
		{A0AC6948-AF07-49BF-95DB-C8B94B45C99C}.Release|Any CPU.Build.0 = Release|Any CPU
		{A0AC6948-AF07-49BF-95DB-C8B94B45C99C}.Release|x64.ActiveCfg = Release|Any CPU
		{A0AC6948-AF07-49BF-95DB-C8B94B45C99C}.Release|x64.Build.0 = Release|Any CPU
		{A0AC6948-AF07-49BF-95DB-C8B94B45C99C}.Release|x86.ActiveCfg = Release|Any CPU
		{A0AC6948-AF07-49BF-95DB-C8B94B45C99C}.Release|x86.Build.0 = Release|Any CPU
		{76FA93FB-F1A2-4568-9A3D-CE90125527F0}.Debug|Any CPU.ActiveCfg = Debug|Any CPU
		{76FA93FB-F1A2-4568-9A3D-CE90125527F0}.Debug|Any CPU.Build.0 = Debug|Any CPU
		{76FA93FB-F1A2-4568-9A3D-CE90125527F0}.Debug|x64.ActiveCfg = Debug|Any CPU
		{76FA93FB-F1A2-4568-9A3D-CE90125527F0}.Debug|x64.Build.0 = Debug|Any CPU
		{76FA93FB-F1A2-4568-9A3D-CE90125527F0}.Debug|x86.ActiveCfg = Debug|Any CPU
		{76FA93FB-F1A2-4568-9A3D-CE90125527F0}.Debug|x86.Build.0 = Debug|Any CPU
		{76FA93FB-F1A2-4568-9A3D-CE90125527F0}.Release|Any CPU.ActiveCfg = Release|Any CPU
		{76FA93FB-F1A2-4568-9A3D-CE90125527F0}.Release|Any CPU.Build.0 = Release|Any CPU
		{76FA93FB-F1A2-4568-9A3D-CE90125527F0}.Release|x64.ActiveCfg = Release|Any CPU
		{76FA93FB-F1A2-4568-9A3D-CE90125527F0}.Release|x64.Build.0 = Release|Any CPU
		{76FA93FB-F1A2-4568-9A3D-CE90125527F0}.Release|x86.ActiveCfg = Release|Any CPU
		{76FA93FB-F1A2-4568-9A3D-CE90125527F0}.Release|x86.Build.0 = Release|Any CPU
	EndGlobalSection
	GlobalSection(SolutionProperties) = preSolution
		HideSolutionNode = FALSE
	EndGlobalSection
	GlobalSection(NestedProjects) = preSolution
		{357E5452-C7C7-C3E7-2BC0-1DCDE2BE8520} = {A83FB771-9961-F8C1-4A11-26F20453E45E}
		{E4B79D04-EF7C-6EDD-5B04-11D4EBB23B9E} = {A83FB771-9961-F8C1-4A11-26F20453E45E}
		{91BBB4DB-75D7-FFC8-3CFA-1AF23674B263} = {A83FB771-9961-F8C1-4A11-26F20453E45E}
		{1CA97B79-0AB3-A24C-21D0-46DD8E0EBAD8} = {A83FB771-9961-F8C1-4A11-26F20453E45E}
		{116A2CB9-7C91-E7A3-E76E-17C419047771} = {A83FB771-9961-F8C1-4A11-26F20453E45E}
		{A0AC6948-AF07-49BF-95DB-C8B94B45C99C} = {A83FB771-9961-F8C1-4A11-26F20453E45E}
		{76FA93FB-F1A2-4568-9A3D-CE90125527F0} = {FBF56CC3-7AE6-AD2D-3F14-7F97FD322CD6}
	EndGlobalSection
	GlobalSection(ExtensibilityGlobals) = postSolution
		SolutionGuid = {03D3DAA0-4B86-4A1E-B710-DF653C079494}
	EndGlobalSection
EndGlobal
