Microsoft Visual Studio Solution File, Format Version 12.00
# Visual Studio Version 17
VisualStudioVersion = 17.5.2.0
MinimumVisualStudioVersion = 10.0.40219.1
Project("{FAE04EC0-301F-11D3-BF4B-00C04F79EFBC}") = "AIOS.VisualInterface", "visual_interface\AIOS.VisualInterface.csproj", "{7FDE7C59-1C66-93BA-E455-F5129AE52B5F}"
EndProject
Global
	GlobalSection(SolutionConfigurationPlatforms) = preSolution
		Debug|Any CPU = Debug|Any CPU
		Release|Any CPU = Release|Any CPU
	EndGlobalSection
	GlobalSection(ProjectConfigurationPlatforms) = postSolution
		{7FDE7C59-1C66-93BA-E455-F5129AE52B5F}.Debug|Any CPU.ActiveCfg = Debug|Any CPU
		{7FDE7C59-1C66-93BA-E455-F5129AE52B5F}.Debug|Any CPU.Build.0 = Debug|Any CPU
		{7FDE7C59-1C66-93BA-E455-F5129AE52B5F}.Release|Any CPU.ActiveCfg = Release|Any CPU
		{7FDE7C59-1C66-93BA-E455-F5129AE52B5F}.Release|Any CPU.Build.0 = Release|Any CPU
	EndGlobalSection
	GlobalSection(SolutionProperties) = preSolution
		HideSolutionNode = FALSE
	EndGlobalSection
	GlobalSection(ExtensibilityGlobals) = postSolution
		SolutionGuid = {6BE6E922-A1A4-428D-A370-EF92972818C1}
	EndGlobalSection
EndGlobal
