Microsoft Visual Studio Solution File, Format Version 12.00
# Visual Studio Version 17
VisualStudioVersion = 17.5.2.0
MinimumVisualStudioVersion = 10.0.40219.1
Project("{FAE04EC0-301F-11D3-BF4B-00C04F79EFBC}") = "AIOS.Core", "AIOS.Core\AIOS.Core.csproj", "{24A90E22-B115-9D96-94DB-B6E103204658}"
EndProject
Project("{FAE04EC0-301F-11D3-BF4B-00C04F79EFBC}") = "AIOS.Models", "AIOS.Models\AIOS.Models.csproj", "{F447FAC8-AF7A-6918-3BDF-EF69406BD9D6}"
EndProject
Project("{FAE04EC0-301F-11D3-BF4B-00C04F79EFBC}") = "AIOS.Services", "AIOS.Services\AIOS.Services.csproj", "{630FA20A-07D7-B6FD-B7C0-AF7887D527D2}"
EndProject
Project("{FAE04EC0-301F-11D3-BF4B-00C04F79EFBC}") = "AIOS.UI.Clean", "AIOS.UI\AIOS.UI.Clean.csproj", "{01592651-FD1C-7653-8BF4-024BF63844AE}"
EndProject
Project("{FAE04EC0-301F-11D3-BF4B-00C04F79EFBC}") = "AIOS.UI", "AIOS.UI\AIOS.UI.csproj", "{966CE5BC-8B86-F884-28A6-0DFC83664689}"
EndProject
Project("{FAE04EC0-301F-11D3-BF4B-00C04F79EFBC}") = "AIOS.UI.Minimal", "AIOS.UI\AIOS.UI.Minimal.csproj", "{F3214CEE-17A7-3D9A-C11A-BC0F0453A374}"
EndProject
Project("{FAE04EC0-301F-11D3-BF4B-00C04F79EFBC}") = "AIOS.UI.Diagnostics", "AIOS.UI.Diagnostics\AIOS.UI.Diagnostics.csproj", "{3957BBA1-4EFE-D59A-3201-18C36C358A11}"
EndProject
Project("{FAE04EC0-301F-11D3-BF4B-00C04F79EFBC}") = "BridgeTest", "BridgeTest\BridgeTest.csproj", "{A73CB5D0-821D-467E-2687-5548DA1215F5}"
EndProject
Project("{FAE04EC0-301F-11D3-BF4B-00C04F79EFBC}") = "CoreEngineTest", "CoreEngineTest\CoreEngineTest.csproj", "{50B4AADF-AA8D-3E9F-1418-1220A31B99DB}"
EndProject
Project("{2150E333-8FDC-42A3-9474-1A3956D46DE8}") = "visualization", "visualization", "{21A1F264-826D-F711-96F1-00A63916A1AD}"
EndProject
Project("{FAE04EC0-301F-11D3-BF4B-00C04F79EFBC}") = "AIOS.VisualInterface", "visualization\visual_interface\AIOS.VisualInterface.csproj", "{B2D45391-1ECA-6320-DBD7-9C68ADD33D5C}"
EndProject
Global
	GlobalSection(SolutionConfigurationPlatforms) = preSolution
		Debug|Any CPU = Debug|Any CPU
		Release|Any CPU = Release|Any CPU
	EndGlobalSection
	GlobalSection(ProjectConfigurationPlatforms) = postSolution
		{24A90E22-B115-9D96-94DB-B6E103204658}.Debug|Any CPU.ActiveCfg = Debug|Any CPU
		{24A90E22-B115-9D96-94DB-B6E103204658}.Debug|Any CPU.Build.0 = Debug|Any CPU
		{24A90E22-B115-9D96-94DB-B6E103204658}.Release|Any CPU.ActiveCfg = Release|Any CPU
		{24A90E22-B115-9D96-94DB-B6E103204658}.Release|Any CPU.Build.0 = Release|Any CPU
		{F447FAC8-AF7A-6918-3BDF-EF69406BD9D6}.Debug|Any CPU.ActiveCfg = Debug|Any CPU
		{F447FAC8-AF7A-6918-3BDF-EF69406BD9D6}.Debug|Any CPU.Build.0 = Debug|Any CPU
		{F447FAC8-AF7A-6918-3BDF-EF69406BD9D6}.Release|Any CPU.ActiveCfg = Release|Any CPU
		{F447FAC8-AF7A-6918-3BDF-EF69406BD9D6}.Release|Any CPU.Build.0 = Release|Any CPU
		{630FA20A-07D7-B6FD-B7C0-AF7887D527D2}.Debug|Any CPU.ActiveCfg = Debug|Any CPU
		{630FA20A-07D7-B6FD-B7C0-AF7887D527D2}.Debug|Any CPU.Build.0 = Debug|Any CPU
		{630FA20A-07D7-B6FD-B7C0-AF7887D527D2}.Release|Any CPU.ActiveCfg = Release|Any CPU
		{630FA20A-07D7-B6FD-B7C0-AF7887D527D2}.Release|Any CPU.Build.0 = Release|Any CPU
		{01592651-FD1C-7653-8BF4-024BF63844AE}.Debug|Any CPU.ActiveCfg = Debug|Any CPU
		{01592651-FD1C-7653-8BF4-024BF63844AE}.Debug|Any CPU.Build.0 = Debug|Any CPU
		{01592651-FD1C-7653-8BF4-024BF63844AE}.Release|Any CPU.ActiveCfg = Release|Any CPU
		{01592651-FD1C-7653-8BF4-024BF63844AE}.Release|Any CPU.Build.0 = Release|Any CPU
		{966CE5BC-8B86-F884-28A6-0DFC83664689}.Debug|Any CPU.ActiveCfg = Debug|Any CPU
		{966CE5BC-8B86-F884-28A6-0DFC83664689}.Debug|Any CPU.Build.0 = Debug|Any CPU
		{966CE5BC-8B86-F884-28A6-0DFC83664689}.Release|Any CPU.ActiveCfg = Release|Any CPU
		{966CE5BC-8B86-F884-28A6-0DFC83664689}.Release|Any CPU.Build.0 = Release|Any CPU
		{F3214CEE-17A7-3D9A-C11A-BC0F0453A374}.Debug|Any CPU.ActiveCfg = Debug|Any CPU
		{F3214CEE-17A7-3D9A-C11A-BC0F0453A374}.Debug|Any CPU.Build.0 = Debug|Any CPU
		{F3214CEE-17A7-3D9A-C11A-BC0F0453A374}.Release|Any CPU.ActiveCfg = Release|Any CPU
		{F3214CEE-17A7-3D9A-C11A-BC0F0453A374}.Release|Any CPU.Build.0 = Release|Any CPU
		{3957BBA1-4EFE-D59A-3201-18C36C358A11}.Debug|Any CPU.ActiveCfg = Debug|Any CPU
		{3957BBA1-4EFE-D59A-3201-18C36C358A11}.Debug|Any CPU.Build.0 = Debug|Any CPU
		{3957BBA1-4EFE-D59A-3201-18C36C358A11}.Release|Any CPU.ActiveCfg = Release|Any CPU
		{3957BBA1-4EFE-D59A-3201-18C36C358A11}.Release|Any CPU.Build.0 = Release|Any CPU
		{A73CB5D0-821D-467E-2687-5548DA1215F5}.Debug|Any CPU.ActiveCfg = Debug|Any CPU
		{A73CB5D0-821D-467E-2687-5548DA1215F5}.Debug|Any CPU.Build.0 = Debug|Any CPU
		{A73CB5D0-821D-467E-2687-5548DA1215F5}.Release|Any CPU.ActiveCfg = Release|Any CPU
		{A73CB5D0-821D-467E-2687-5548DA1215F5}.Release|Any CPU.Build.0 = Release|Any CPU
		{50B4AADF-AA8D-3E9F-1418-1220A31B99DB}.Debug|Any CPU.ActiveCfg = Debug|Any CPU
		{50B4AADF-AA8D-3E9F-1418-1220A31B99DB}.Debug|Any CPU.Build.0 = Debug|Any CPU
		{50B4AADF-AA8D-3E9F-1418-1220A31B99DB}.Release|Any CPU.ActiveCfg = Release|Any CPU
		{50B4AADF-AA8D-3E9F-1418-1220A31B99DB}.Release|Any CPU.Build.0 = Release|Any CPU
		{B2D45391-1ECA-6320-DBD7-9C68ADD33D5C}.Debug|Any CPU.ActiveCfg = Debug|Any CPU
		{B2D45391-1ECA-6320-DBD7-9C68ADD33D5C}.Debug|Any CPU.Build.0 = Debug|Any CPU
		{B2D45391-1ECA-6320-DBD7-9C68ADD33D5C}.Release|Any CPU.ActiveCfg = Release|Any CPU
		{B2D45391-1ECA-6320-DBD7-9C68ADD33D5C}.Release|Any CPU.Build.0 = Release|Any CPU
	EndGlobalSection
	GlobalSection(SolutionProperties) = preSolution
		HideSolutionNode = FALSE
	EndGlobalSection
	GlobalSection(NestedProjects) = preSolution
		{B2D45391-1ECA-6320-DBD7-9C68ADD33D5C} = {21A1F264-826D-F711-96F1-00A63916A1AD}
	EndGlobalSection
	GlobalSection(ExtensibilityGlobals) = postSolution
		SolutionGuid = {A1FD6CF5-1C4D-40C6-8487-B7BE8691DCB0}
	EndGlobalSection
EndGlobal
