Microsoft Visual Studio Solution File, Format Version 12.00
# Visual Studio Version 17
VisualStudioVersion = 17.5.2.0
MinimumVisualStudioVersion = 10.0.40219.1
Project("{FAE04EC0-301F-11D3-BF4B-00C04F79EFBC}") = "AIOS.Models", "AIOS.Models\AIOS.Models.csproj", "{F447FAC8-AF7A-6918-3BDF-EF69406BD9D6}"
EndProject
Project("{FAE04EC0-301F-11D3-BF4B-00C04F79EFBC}") = "AIOS.Services", "AIOS.Services\AIOS.Services.csproj", "{630FA20A-07D7-B6FD-B7C0-AF7887D527D2}"
EndProject
Project("{FAE04EC0-301F-11D3-BF4B-00C04F79EFBC}") = "AIOS.UI.Clean", "AIOS.UI\AIOS.UI.Clean.csproj", "{01592651-FD1C-7653-8BF4-024BF63844AE}"
EndProject
Project("{FAE04EC0-301F-11D3-BF4B-00C04F79EFBC}") = "AIOS.UI", "AIOS.UI\AIOS.UI.csproj", "{966CE5BC-8B86-F884-28A6-0DFC83664689}"
EndProject
Project("{FAE04EC0-301F-11D3-BF4B-00C04F79EFBC}") = "AIOS.UI.Minimal", "AIOS.UI\AIOS.UI.Minimal.csproj", "{F3214CEE-17A7-3D9A-C11A-BC0F0453A374}"
EndProject
Global
	GlobalSection(SolutionConfigurationPlatforms) = preSolution
		Debug|Any CPU = Debug|Any CPU
		Release|Any CPU = Release|Any CPU
	EndGlobalSection
	GlobalSection(ProjectConfigurationPlatforms) = postSolution
		{F447FAC8-AF7A-6918-3BDF-EF69406BD9D6}.Debug|Any CPU.ActiveCfg = Debug|Any CPU
		{F447FAC8-AF7A-6918-3BDF-EF69406BD9D6}.Debug|Any CPU.Build.0 = Debug|Any CPU
		{F447FAC8-AF7A-6918-3BDF-EF69406BD9D6}.Release|Any CPU.ActiveCfg = Release|Any CPU
		{F447FAC8-AF7A-6918-3BDF-EF69406BD9D6}.Release|Any CPU.Build.0 = Release|Any CPU
		{630FA20A-07D7-B6FD-B7C0-AF7887D527D2}.Debug|Any CPU.ActiveCfg = Debug|Any CPU
		{630FA20A-07D7-B6FD-B7C0-AF7887D527D2}.Debug|Any CPU.Build.0 = Debug|Any CPU
		{630FA20A-07D7-B6FD-B7C0-AF7887D527D2}.Release|Any CPU.ActiveCfg = Release|Any CPU
		{630FA20A-07D7-B6FD-B7C0-AF7887D527D2}.Release|Any CPU.Build.0 = Release|Any CPU
		{01592651-FD1C-7653-8BF4-024BF63844AE}.Debug|Any CPU.ActiveCfg = Debug|Any CPU
		{01592651-FD1C-7653-8BF4-024BF63844AE}.Debug|Any CPU.Build.0 = Debug|Any CPU
		{01592651-FD1C-7653-8BF4-024BF63844AE}.Release|Any CPU.ActiveCfg = Release|Any CPU
		{01592651-FD1C-7653-8BF4-024BF63844AE}.Release|Any CPU.Build.0 = Release|Any CPU
		{966CE5BC-8B86-F884-28A6-0DFC83664689}.Debug|Any CPU.ActiveCfg = Debug|Any CPU
		{966CE5BC-8B86-F884-28A6-0DFC83664689}.Debug|Any CPU.Build.0 = Debug|Any CPU
		{966CE5BC-8B86-F884-28A6-0DFC83664689}.Release|Any CPU.ActiveCfg = Release|Any CPU
		{966CE5BC-8B86-F884-28A6-0DFC83664689}.Release|Any CPU.Build.0 = Release|Any CPU
		{F3214CEE-17A7-3D9A-C11A-BC0F0453A374}.Debug|Any CPU.ActiveCfg = Debug|Any CPU
		{F3214CEE-17A7-3D9A-C11A-BC0F0453A374}.Debug|Any CPU.Build.0 = Debug|Any CPU
		{F3214CEE-17A7-3D9A-C11A-BC0F0453A374}.Release|Any CPU.ActiveCfg = Release|Any CPU
		{F3214CEE-17A7-3D9A-C11A-BC0F0453A374}.Release|Any CPU.Build.0 = Release|Any CPU
	EndGlobalSection
	GlobalSection(SolutionProperties) = preSolution
		HideSolutionNode = FALSE
	EndGlobalSection
	GlobalSection(ExtensibilityGlobals) = postSolution
		SolutionGuid = {77936B9E-9C1E-47BD-800C-8D5BC428F6F3}
	EndGlobalSection
EndGlobal
