Microsoft Visual Studio Solution File, Format Version 12.00
# Visual Studio Version 17
VisualStudioVersion = 17.5.2.0
MinimumVisualStudioVersion = 10.0.40219.1
Project("{2150E333-8FDC-42A3-9474-1A3956D46DE8}") = "tests", "tests", "{0AB3BF05-4346-4AA6-1389-037BE0695223}"
EndProject
Project("{2150E333-8FDC-42A3-9474-1A3956D46DE8}") = "ingested_repositories", "ingested_repositories", "{03331064-91C1-2C4F-3787-81C07FA1940F}"
EndProject
Project("{FAE04EC0-301F-11D3-BF4B-00C04F79EFBC}") = "ConsciousnessTest", "tests\ConsciousnessTest\ConsciousnessTest.csproj", "{4C9F54DE-3482-F77D-346B-23DE66E3304B}"
EndProject
Project("{2150E333-8FDC-42A3-9474-1A3956D46DE8}") = "microsoft_agent_framework", "microsoft_agent_framework", "{7DCC2776-4353-15BF-13E7-A93451A82664}"
EndProject
Project("{2150E333-8FDC-42A3-9474-1A3956D46DE8}") = "dotnet", "dotnet", "{3840DD05-703A-4D5E-C75B-B10FD1BD7A72}"
EndProject
Project("{2150E333-8FDC-42A3-9474-1A3956D46DE8}") = "src", "src", "{3B7C44A0-62B8-A22C-5CC0-171DF21D145B}"
EndProject
Project("{FAE04EC0-301F-11D3-BF4B-00C04F79EFBC}") = "Microsoft.Agents.AI", "ingested_repositories\microsoft_agent_framework\dotnet\src\Microsoft.Agents.AI\Microsoft.Agents.AI.csproj", "{BD22F3F8-7BD6-5C9D-1E9F-084A51EDFC2F}"
EndProject
Project("{FAE04EC0-301F-11D3-BF4B-00C04F79EFBC}") = "Microsoft.Agents.AI.A2A", "ingested_repositories\microsoft_agent_framework\dotnet\src\Microsoft.Agents.AI.A2A\Microsoft.Agents.AI.A2A.csproj", "{9B77A58F-6A45-745A-4C77-B5483D91A818}"
EndProject
Project("{FAE04EC0-301F-11D3-BF4B-00C04F79EFBC}") = "Microsoft.Agents.AI.Abstractions", "ingested_repositories\microsoft_agent_framework\dotnet\src\Microsoft.Agents.AI.Abstractions\Microsoft.Agents.AI.Abstractions.csproj", "{411EC214-845A-BB37-DFC0-B05FE58B2834}"
EndProject
Project("{FAE04EC0-301F-11D3-BF4B-00C04F79EFBC}") = "Microsoft.Agents.AI.AzureAI", "ingested_repositories\microsoft_agent_framework\dotnet\src\Microsoft.Agents.AI.AzureAI\Microsoft.Agents.AI.AzureAI.csproj", "{9821DB96-0385-C5DB-E497-A4FA005564DC}"
EndProject
Project("{FAE04EC0-301F-11D3-BF4B-00C04F79EFBC}") = "Microsoft.Agents.AI.CopilotStudio", "ingested_repositories\microsoft_agent_framework\dotnet\src\Microsoft.Agents.AI.CopilotStudio\Microsoft.Agents.AI.CopilotStudio.csproj", "{0552205A-A462-A7C6-4ED9-D9D07CF69503}"
EndProject
Project("{FAE04EC0-301F-11D3-BF4B-00C04F79EFBC}") = "Microsoft.Agents.AI.Hosting", "ingested_repositories\microsoft_agent_framework\dotnet\src\Microsoft.Agents.AI.Hosting\Microsoft.Agents.AI.Hosting.csproj", "{F86343B6-414D-307D-9C51-E1E830C0657C}"
EndProject
Project("{FAE04EC0-301F-11D3-BF4B-00C04F79EFBC}") = "Microsoft.Agents.AI.Hosting.A2A", "ingested_repositories\microsoft_agent_framework\dotnet\src\Microsoft.Agents.AI.Hosting.A2A\Microsoft.Agents.AI.Hosting.A2A.csproj", "{2520D1A3-2671-62DA-A340-98F75C5FA5A8}"
EndProject
Project("{FAE04EC0-301F-11D3-BF4B-00C04F79EFBC}") = "Microsoft.Agents.AI.Hosting.A2A.AspNetCore", "ingested_repositories\microsoft_agent_framework\dotnet\src\Microsoft.Agents.AI.Hosting.A2A.AspNetCore\Microsoft.Agents.AI.Hosting.A2A.AspNetCore.csproj", "{18F02C74-7C38-462B-FEAD-61F967B2C3BE}"
EndProject
Project("{FAE04EC0-301F-11D3-BF4B-00C04F79EFBC}") = "Microsoft.Agents.AI.OpenAI", "ingested_repositories\microsoft_agent_framework\dotnet\src\Microsoft.Agents.AI.OpenAI\Microsoft.Agents.AI.OpenAI.csproj", "{5E1183D5-492B-5EF2-7C55-013A3B4DCC28}"
EndProject
Project("{FAE04EC0-301F-11D3-BF4B-00C04F79EFBC}") = "Microsoft.Agents.AI.Workflows", "ingested_repositories\microsoft_agent_framework\dotnet\src\Microsoft.Agents.AI.Workflows\Microsoft.Agents.AI.Workflows.csproj", "{8DE911F3-A7C3-B7F9-F0F4-7F763D068817}"
EndProject
Project("{FAE04EC0-301F-11D3-BF4B-00C04F79EFBC}") = "Microsoft.Agents.AI.Workflows.Declarative", "ingested_repositories\microsoft_agent_framework\dotnet\src\Microsoft.Agents.AI.Workflows.Declarative\Microsoft.Agents.AI.Workflows.Declarative.csproj", "{BAE62F31-3E9D-91CD-EE82-1612E60FF90B}"
EndProject
Project("{2150E333-8FDC-42A3-9474-1A3956D46DE8}") = "tests", "tests", "{A1937C35-CBDF-B435-1B8B-FEC2F6CB0687}"
EndProject
Project("{FAE04EC0-301F-11D3-BF4B-00C04F79EFBC}") = "AgentConformance.IntegrationTests", "ingested_repositories\microsoft_agent_framework\dotnet\tests\AgentConformance.IntegrationTests\AgentConformance.IntegrationTests.csproj", "{D6236EFF-3021-07AE-9CB5-9B294202EE48}"
EndProject
Project("{FAE04EC0-301F-11D3-BF4B-00C04F79EFBC}") = "AzureAIAgentsPersistent.IntegrationTests", "ingested_repositories\microsoft_agent_framework\dotnet\tests\AzureAIAgentsPersistent.IntegrationTests\AzureAIAgentsPersistent.IntegrationTests.csproj", "{52FD0C47-B83C-78FD-2C0D-A3B407FE6B2B}"
EndProject
Project("{FAE04EC0-301F-11D3-BF4B-00C04F79EFBC}") = "CopilotStudio.IntegrationTests", "ingested_repositories\microsoft_agent_framework\dotnet\tests\CopilotStudio.IntegrationTests\CopilotStudio.IntegrationTests.csproj", "{451AC4B9-E5E8-DC01-FD37-00F00326E1BA}"
EndProject
Project("{FAE04EC0-301F-11D3-BF4B-00C04F79EFBC}") = "Microsoft.Agents.AI.A2A.UnitTests", "ingested_repositories\microsoft_agent_framework\dotnet\tests\Microsoft.Agents.AI.A2A.UnitTests\Microsoft.Agents.AI.A2A.UnitTests.csproj", "{C6319F9F-6F80-25A0-57B6-E06656C02163}"
EndProject
Project("{FAE04EC0-301F-11D3-BF4B-00C04F79EFBC}") = "Microsoft.Agents.AI.Abstractions.UnitTests", "ingested_repositories\microsoft_agent_framework\dotnet\tests\Microsoft.Agents.AI.Abstractions.UnitTests\Microsoft.Agents.AI.Abstractions.UnitTests.csproj", "{1CB37DE5-5CD4-7C77-8309-75E0154E35BA}"
EndProject
Project("{FAE04EC0-301F-11D3-BF4B-00C04F79EFBC}") = "Microsoft.Agents.AI.AzureAI.UnitTests", "ingested_repositories\microsoft_agent_framework\dotnet\tests\Microsoft.Agents.AI.AzureAI.UnitTests\Microsoft.Agents.AI.AzureAI.UnitTests.csproj", "{6894BFB9-A8F8-C62A-CB8B-9E634C50F8D9}"
EndProject
Project("{FAE04EC0-301F-11D3-BF4B-00C04F79EFBC}") = "Microsoft.Agents.AI.Hosting.A2A.Tests", "ingested_repositories\microsoft_agent_framework\dotnet\tests\Microsoft.Agents.AI.Hosting.A2A.Tests\Microsoft.Agents.AI.Hosting.A2A.Tests.csproj", "{9E8C2345-D131-15CD-5B19-586A320F080C}"
EndProject
Project("{FAE04EC0-301F-11D3-BF4B-00C04F79EFBC}") = "Microsoft.Agents.AI.Hosting.UnitTests", "ingested_repositories\microsoft_agent_framework\dotnet\tests\Microsoft.Agents.AI.Hosting.UnitTests\Microsoft.Agents.AI.Hosting.UnitTests.csproj", "{8D03FCFA-8F30-FD04-D283-1B53580B5EAE}"
EndProject
Project("{FAE04EC0-301F-11D3-BF4B-00C04F79EFBC}") = "Microsoft.Agents.AI.OpenAI.UnitTests", "ingested_repositories\microsoft_agent_framework\dotnet\tests\Microsoft.Agents.AI.OpenAI.UnitTests\Microsoft.Agents.AI.OpenAI.UnitTests.csproj", "{2BB08457-53B7-B630-9DC3-8713EC054B95}"
EndProject
Project("{FAE04EC0-301F-11D3-BF4B-00C04F79EFBC}") = "Microsoft.Agents.AI.UnitTests", "ingested_repositories\microsoft_agent_framework\dotnet\tests\Microsoft.Agents.AI.UnitTests\Microsoft.Agents.AI.UnitTests.csproj", "{8B0E956A-3FCD-1D4F-0946-2746A7E58ACE}"
EndProject
Project("{FAE04EC0-301F-11D3-BF4B-00C04F79EFBC}") = "Microsoft.Agents.AI.Workflows.Declarative.IntegrationTests", "ingested_repositories\microsoft_agent_framework\dotnet\tests\Microsoft.Agents.AI.Workflows.Declarative.IntegrationTests\Microsoft.Agents.AI.Workflows.Declarative.IntegrationTests.csproj", "{5A3A3C5B-CDDF-E128-8408-1D10C46891E0}"
EndProject
Project("{FAE04EC0-301F-11D3-BF4B-00C04F79EFBC}") = "Microsoft.Agents.AI.Workflows.Declarative.UnitTests", "ingested_repositories\microsoft_agent_framework\dotnet\tests\Microsoft.Agents.AI.Workflows.Declarative.UnitTests\Microsoft.Agents.AI.Workflows.Declarative.UnitTests.csproj", "{A7312DB3-0BE2-FAE7-5A5A-B6D1492A413A}"
EndProject
Project("{FAE04EC0-301F-11D3-BF4B-00C04F79EFBC}") = "Microsoft.Agents.AI.Workflows.UnitTests", "ingested_repositories\microsoft_agent_framework\dotnet\tests\Microsoft.Agents.AI.Workflows.UnitTests\Microsoft.Agents.AI.Workflows.UnitTests.csproj", "{B904AF55-11BA-E49E-7EFD-52B263FBC571}"
EndProject
Project("{FAE04EC0-301F-11D3-BF4B-00C04F79EFBC}") = "OpenAIAssistant.IntegrationTests", "ingested_repositories\microsoft_agent_framework\dotnet\tests\OpenAIAssistant.IntegrationTests\OpenAIAssistant.IntegrationTests.csproj", "{8251B606-5E90-5A7A-16D2-5930FC4F6B3C}"
EndProject
Project("{FAE04EC0-301F-11D3-BF4B-00C04F79EFBC}") = "OpenAIChatCompletion.IntegrationTests", "ingested_repositories\microsoft_agent_framework\dotnet\tests\OpenAIChatCompletion.IntegrationTests\OpenAIChatCompletion.IntegrationTests.csproj", "{942DF226-D5D0-23D1-0953-A79C15AAB84D}"
EndProject
Project("{FAE04EC0-301F-11D3-BF4B-00C04F79EFBC}") = "OpenAIResponse.IntegrationTests", "ingested_repositories\microsoft_agent_framework\dotnet\tests\OpenAIResponse.IntegrationTests\OpenAIResponse.IntegrationTests.csproj", "{266D76D7-4DF6-82F5-2B0F-0239DA4239E2}"
EndProject
Project("{2150E333-8FDC-42A3-9474-1A3956D46DE8}") = "workflow-samples", "workflow-samples", "{102AD310-CE6B-CB98-F9BD-0C688591E180}"
EndProject
Project("{2150E333-8FDC-42A3-9474-1A3956D46DE8}") = "setup", "setup", "{90D57EF1-678D-BFB7-9B36-7B73352FF4C0}"
EndProject
Project("{FAE04EC0-301F-11D3-BF4B-00C04F79EFBC}") = "CreateAgents", "ingested_repositories\microsoft_agent_framework\workflow-samples\setup\CreateAgents\CreateAgents.csproj", "{F3614FD0-3F93-D824-4646-7E9A4CFE1015}"
EndProject
Project("{2150E333-8FDC-42A3-9474-1A3956D46DE8}") = "samples", "samples", "{899A25A7-36BB-5970-A2DC-EA1417016E51}"
EndProject
Project("{2150E333-8FDC-42A3-9474-1A3956D46DE8}") = "A2AClientServer", "A2AClientServer", "{A59DA449-97E1-D645-05EB-C02341AAC10B}"
EndProject
Project("{FAE04EC0-301F-11D3-BF4B-00C04F79EFBC}") = "A2AClient", "ingested_repositories\microsoft_agent_framework\dotnet\samples\A2AClientServer\A2AClient\A2AClient.csproj", "{3FB60235-213C-3554-F8F7-9773B462A423}"
EndProject
Project("{FAE04EC0-301F-11D3-BF4B-00C04F79EFBC}") = "A2AServer", "ingested_repositories\microsoft_agent_framework\dotnet\samples\A2AClientServer\A2AServer\A2AServer.csproj", "{843F7D76-8B95-1FF2-1037-237EC260FA3A}"
EndProject
Project("{2150E333-8FDC-42A3-9474-1A3956D46DE8}") = "AgentWebChat", "AgentWebChat", "{15AC36A3-A7D5-C864-9D41-7C5F8B9E3B83}"
EndProject
Project("{FAE04EC0-301F-11D3-BF4B-00C04F79EFBC}") = "AgentWebChat.AgentHost", "ingested_repositories\microsoft_agent_framework\dotnet\samples\AgentWebChat\AgentWebChat.AgentHost\AgentWebChat.AgentHost.csproj", "{2362D2FE-36E4-25F1-287E-4E65E79D6679}"
EndProject
Project("{FAE04EC0-301F-11D3-BF4B-00C04F79EFBC}") = "AgentWebChat.AppHost", "ingested_repositories\microsoft_agent_framework\dotnet\samples\AgentWebChat\AgentWebChat.AppHost\AgentWebChat.AppHost.csproj", "{03D48DCF-76B6-134B-5969-9AD913BEE113}"
EndProject
Project("{FAE04EC0-301F-11D3-BF4B-00C04F79EFBC}") = "AgentWebChat.ServiceDefaults", "ingested_repositories\microsoft_agent_framework\dotnet\samples\AgentWebChat\AgentWebChat.ServiceDefaults\AgentWebChat.ServiceDefaults.csproj", "{4A72F7FE-2708-6DD9-76A2-5B525E9D2A7D}"
EndProject
Project("{FAE04EC0-301F-11D3-BF4B-00C04F79EFBC}") = "AgentWebChat.Web", "ingested_repositories\microsoft_agent_framework\dotnet\samples\AgentWebChat\AgentWebChat.Web\AgentWebChat.Web.csproj", "{B9E1D99B-487D-510E-07DF-735AC5BAC198}"
EndProject
Project("{2150E333-8FDC-42A3-9474-1A3956D46DE8}") = "GettingStarted", "GettingStarted", "{BC9F7281-9CD7-BD68-6D6B-F0ED413D80D5}"
EndProject
Project("{FAE04EC0-301F-11D3-BF4B-00C04F79EFBC}") = "AgentOpenTelemetry", "ingested_repositories\microsoft_agent_framework\dotnet\samples\GettingStarted\AgentOpenTelemetry\AgentOpenTelemetry.csproj", "{10092E85-D157-12CC-9C54-5B508B8F3A45}"
EndProject
Project("{2150E333-8FDC-42A3-9474-1A3956D46DE8}") = "AgentProviders", "AgentProviders", "{2D956144-9F5A-86F2-18EA-115AB57F9E83}"
EndProject
Project("{FAE04EC0-301F-11D3-BF4B-00C04F79EFBC}") = "Agent_With_A2A", "ingested_repositories\microsoft_agent_framework\dotnet\samples\GettingStarted\AgentProviders\Agent_With_A2A\Agent_With_A2A.csproj", "{BF4F2CC5-427F-2B68-15A0-9D84CF224819}"
EndProject
Project("{FAE04EC0-301F-11D3-BF4B-00C04F79EFBC}") = "Agent_With_AzureFoundryAgent", "ingested_repositories\microsoft_agent_framework\dotnet\samples\GettingStarted\AgentProviders\Agent_With_AzureFoundryAgent\Agent_With_AzureFoundryAgent.csproj", "{68B071D2-20E1-887A-75E5-F86008B4F49E}"
EndProject
Project("{FAE04EC0-301F-11D3-BF4B-00C04F79EFBC}") = "Agent_With_AzureFoundryModel", "ingested_repositories\microsoft_agent_framework\dotnet\samples\GettingStarted\AgentProviders\Agent_With_AzureFoundryModel\Agent_With_AzureFoundryModel.csproj", "{8329FCBF-3A80-0206-8A76-DC8FB3F62DDF}"
EndProject
Project("{FAE04EC0-301F-11D3-BF4B-00C04F79EFBC}") = "Agent_With_AzureOpenAIChatCompletion", "ingested_repositories\microsoft_agent_framework\dotnet\samples\GettingStarted\AgentProviders\Agent_With_AzureOpenAIChatCompletion\Agent_With_AzureOpenAIChatCompletion.csproj", "{0BC507FC-F460-573A-272C-B5CD72716ACC}"
EndProject
Project("{FAE04EC0-301F-11D3-BF4B-00C04F79EFBC}") = "Agent_With_AzureOpenAIResponses", "ingested_repositories\microsoft_agent_framework\dotnet\samples\GettingStarted\AgentProviders\Agent_With_AzureOpenAIResponses\Agent_With_AzureOpenAIResponses.csproj", "{21C06082-EA20-7D76-48DD-D5557B017F55}"
EndProject
Project("{FAE04EC0-301F-11D3-BF4B-00C04F79EFBC}") = "Agent_With_CustomImplementation", "ingested_repositories\microsoft_agent_framework\dotnet\samples\GettingStarted\AgentProviders\Agent_With_CustomImplementation\Agent_With_CustomImplementation.csproj", "{CDC70030-4636-9847-96CF-0C01A6D45DBB}"
EndProject
Project("{FAE04EC0-301F-11D3-BF4B-00C04F79EFBC}") = "Agent_With_Ollama", "ingested_repositories\microsoft_agent_framework\dotnet\samples\GettingStarted\AgentProviders\Agent_With_Ollama\Agent_With_Ollama.csproj", "{FF99776C-1225-D3E1-406C-BCCB2985E9A4}"
EndProject
Project("{FAE04EC0-301F-11D3-BF4B-00C04F79EFBC}") = "Agent_With_ONNX", "ingested_repositories\microsoft_agent_framework\dotnet\samples\GettingStarted\AgentProviders\Agent_With_ONNX\Agent_With_ONNX.csproj", "{B4C0E0BF-0C58-6086-2317-553F8E6C27FA}"
EndProject
Project("{FAE04EC0-301F-11D3-BF4B-00C04F79EFBC}") = "Agent_With_OpenAIAssistants", "ingested_repositories\microsoft_agent_framework\dotnet\samples\GettingStarted\AgentProviders\Agent_With_OpenAIAssistants\Agent_With_OpenAIAssistants.csproj", "{8D922E3F-8E6C-F2EB-0165-50EAF45E8F28}"
EndProject
Project("{FAE04EC0-301F-11D3-BF4B-00C04F79EFBC}") = "Agent_With_OpenAIChatCompletion", "ingested_repositories\microsoft_agent_framework\dotnet\samples\GettingStarted\AgentProviders\Agent_With_OpenAIChatCompletion\Agent_With_OpenAIChatCompletion.csproj", "{C5D17F67-64E3-35FC-507C-84F25D4FEB22}"
EndProject
Project("{FAE04EC0-301F-11D3-BF4B-00C04F79EFBC}") = "Agent_With_OpenAIResponses", "ingested_repositories\microsoft_agent_framework\dotnet\samples\GettingStarted\AgentProviders\Agent_With_OpenAIResponses\Agent_With_OpenAIResponses.csproj", "{30EFE4B4-0482-998F-A067-6A4F6F231184}"
EndProject
Project("{2150E333-8FDC-42A3-9474-1A3956D46DE8}") = "Agents", "Agents", "{1615350A-F857-E8DC-EA9B-DFCAFC983CD3}"
EndProject
Project("{FAE04EC0-301F-11D3-BF4B-00C04F79EFBC}") = "Agent_Step01_Running", "ingested_repositories\microsoft_agent_framework\dotnet\samples\GettingStarted\Agents\Agent_Step01_Running\Agent_Step01_Running.csproj", "{F0009A62-E68C-2096-3849-9E1BE7E9B6FD}"
EndProject
Project("{FAE04EC0-301F-11D3-BF4B-00C04F79EFBC}") = "Agent_Step02_MultiturnConversation", "ingested_repositories\microsoft_agent_framework\dotnet\samples\GettingStarted\Agents\Agent_Step02_MultiturnConversation\Agent_Step02_MultiturnConversation.csproj", "{CDB7F517-3B1B-9AA8-8694-8B7DD27495D3}"
EndProject
Project("{FAE04EC0-301F-11D3-BF4B-00C04F79EFBC}") = "Agent_Step03_UsingFunctionTools", "ingested_repositories\microsoft_agent_framework\dotnet\samples\GettingStarted\Agents\Agent_Step03_UsingFunctionTools\Agent_Step03_UsingFunctionTools.csproj", "{8807DBEF-B9F5-789A-C3B0-46DEECC11527}"
EndProject
Project("{FAE04EC0-301F-11D3-BF4B-00C04F79EFBC}") = "Agent_Step04_UsingFunctionToolsWithApprovals", "ingested_repositories\microsoft_agent_framework\dotnet\samples\GettingStarted\Agents\Agent_Step04_UsingFunctionToolsWithApprovals\Agent_Step04_UsingFunctionToolsWithApprovals.csproj", "{15D9A833-7AE5-116A-D730-11EF86829000}"
EndProject
Project("{FAE04EC0-301F-11D3-BF4B-00C04F79EFBC}") = "Agent_Step05_StructuredOutput", "ingested_repositories\microsoft_agent_framework\dotnet\samples\GettingStarted\Agents\Agent_Step05_StructuredOutput\Agent_Step05_StructuredOutput.csproj", "{1D9A57D2-F0A3-E4A7-A84E-66A97FEE27D8}"
EndProject
Project("{FAE04EC0-301F-11D3-BF4B-00C04F79EFBC}") = "Agent_Step06_PersistedConversations", "ingested_repositories\microsoft_agent_framework\dotnet\samples\GettingStarted\Agents\Agent_Step06_PersistedConversations\Agent_Step06_PersistedConversations.csproj", "{AC69F3DB-F5D5-3BC4-E8B3-8C6CA4F8B143}"
EndProject
Project("{FAE04EC0-301F-11D3-BF4B-00C04F79EFBC}") = "Agent_Step07_3rdPartyThreadStorage", "ingested_repositories\microsoft_agent_framework\dotnet\samples\GettingStarted\Agents\Agent_Step07_3rdPartyThreadStorage\Agent_Step07_3rdPartyThreadStorage.csproj", "{E1CDC6A7-AB51-E462-A10E-3481996750E2}"
EndProject
Project("{FAE04EC0-301F-11D3-BF4B-00C04F79EFBC}") = "Agent_Step08_Observability", "ingested_repositories\microsoft_agent_framework\dotnet\samples\GettingStarted\Agents\Agent_Step08_Observability\Agent_Step08_Observability.csproj", "{2A147FE4-B061-A017-1FB6-6E96FC30A7E4}"
EndProject
Project("{FAE04EC0-301F-11D3-BF4B-00C04F79EFBC}") = "Agent_Step09_DependencyInjection", "ingested_repositories\microsoft_agent_framework\dotnet\samples\GettingStarted\Agents\Agent_Step09_DependencyInjection\Agent_Step09_DependencyInjection.csproj", "{085E8B0C-39DD-7743-D439-8756799C3C1B}"
EndProject
Project("{FAE04EC0-301F-11D3-BF4B-00C04F79EFBC}") = "Agent_Step10_AsMcpTool", "ingested_repositories\microsoft_agent_framework\dotnet\samples\GettingStarted\Agents\Agent_Step10_AsMcpTool\Agent_Step10_AsMcpTool.csproj", "{5368B9CE-C827-0A08-2404-06CD5586FA9C}"
EndProject
Project("{FAE04EC0-301F-11D3-BF4B-00C04F79EFBC}") = "Agent_Step11_UsingImages", "ingested_repositories\microsoft_agent_framework\dotnet\samples\GettingStarted\Agents\Agent_Step11_UsingImages\Agent_Step11_UsingImages.csproj", "{4DF7BCC0-7A88-D877-A107-7198F6F78D3B}"
EndProject
Project("{FAE04EC0-301F-11D3-BF4B-00C04F79EFBC}") = "Agent_Step12_AsFunctionTool", "ingested_repositories\microsoft_agent_framework\dotnet\samples\GettingStarted\Agents\Agent_Step12_AsFunctionTool\Agent_Step12_AsFunctionTool.csproj", "{1B73A027-A0CB-DE41-2630-1D0553E98996}"
EndProject
Project("{FAE04EC0-301F-11D3-BF4B-00C04F79EFBC}") = "Agent_Step13_Memory", "ingested_repositories\microsoft_agent_framework\dotnet\samples\GettingStarted\Agents\Agent_Step13_Memory\Agent_Step13_Memory.csproj", "{064CDCA7-CFB9-38CC-BC00-74E3C9D42D7D}"
EndProject
Project("{FAE04EC0-301F-11D3-BF4B-00C04F79EFBC}") = "Agent_Step14_Middleware", "ingested_repositories\microsoft_agent_framework\dotnet\samples\GettingStarted\Agents\Agent_Step14_Middleware\Agent_Step14_Middleware.csproj", "{AA2557FF-0CB6-09BE-40A0-8148B32E1A1C}"
EndProject
Project("{FAE04EC0-301F-11D3-BF4B-00C04F79EFBC}") = "Agent_Step15_Plugins", "ingested_repositories\microsoft_agent_framework\dotnet\samples\GettingStarted\Agents\Agent_Step15_Plugins\Agent_Step15_Plugins.csproj", "{C2448B65-0543-B557-14FF-28679045A828}"
EndProject
Project("{2150E333-8FDC-42A3-9474-1A3956D46DE8}") = "AgentWithOpenAI", "AgentWithOpenAI", "{A207B590-4652-40E8-1E1B-3B4457320709}"
EndProject
Project("{FAE04EC0-301F-11D3-BF4B-00C04F79EFBC}") = "Agent_OpenAI_Step01_Running", "ingested_repositories\microsoft_agent_framework\dotnet\samples\GettingStarted\AgentWithOpenAI\Agent_OpenAI_Step01_Running\Agent_OpenAI_Step01_Running.csproj", "{DE982197-6996-02D6-66EB-32D5EAB9B352}"
EndProject
Project("{FAE04EC0-301F-11D3-BF4B-00C04F79EFBC}") = "Agent_OpenAI_Step02_Reasoning", "ingested_repositories\microsoft_agent_framework\dotnet\samples\GettingStarted\AgentWithOpenAI\Agent_OpenAI_Step02_Reasoning\Agent_OpenAI_Step02_Reasoning.csproj", "{AF4AC7CD-EEC5-4DBC-12F3-9A8D44034F5F}"
EndProject
Project("{2150E333-8FDC-42A3-9474-1A3956D46DE8}") = "ModelContextProtocol", "ModelContextProtocol", "{1933F421-7084-14E3-E33D-E0D94841DBDB}"
EndProject
Project("{FAE04EC0-301F-11D3-BF4B-00C04F79EFBC}") = "Agent_MCP_Server", "ingested_repositories\microsoft_agent_framework\dotnet\samples\GettingStarted\ModelContextProtocol\Agent_MCP_Server\Agent_MCP_Server.csproj", "{6ABF610D-933D-B7DC-E135-D23F365AEDA6}"
EndProject
Project("{FAE04EC0-301F-11D3-BF4B-00C04F79EFBC}") = "Agent_MCP_Server_Auth", "ingested_repositories\microsoft_agent_framework\dotnet\samples\GettingStarted\ModelContextProtocol\Agent_MCP_Server_Auth\Agent_MCP_Server_Auth.csproj", "{E3F4208A-4AC1-14FE-DE52-06A0C31ECE2F}"
EndProject
Project("{FAE04EC0-301F-11D3-BF4B-00C04F79EFBC}") = "FoundryAgent_Hosted_MCP", "ingested_repositories\microsoft_agent_framework\dotnet\samples\GettingStarted\ModelContextProtocol\FoundryAgent_Hosted_MCP\FoundryAgent_Hosted_MCP.csproj", "{D46BECD8-8970-B343-98BD-C7B335B30C8C}"
EndProject
Project("{2150E333-8FDC-42A3-9474-1A3956D46DE8}") = "Workflows", "Workflows", "{F8C03644-F42B-0E12-7190-A0AA8DB2E8C4}"
EndProject
Project("{FAE04EC0-301F-11D3-BF4B-00C04F79EFBC}") = "DeclarativeWorkflow", "ingested_repositories\microsoft_agent_framework\dotnet\samples\GettingStarted\Workflows\Declarative\DeclarativeWorkflow.csproj", "{75488ABC-D4DD-F153-75C8-245FC2F64282}"
EndProject
Project("{FAE04EC0-301F-11D3-BF4B-00C04F79EFBC}") = "DeclarativeCode", "ingested_repositories\microsoft_agent_framework\dotnet\samples\GettingStarted\Workflows\DeclarativeCode\DeclarativeCode.csproj", "{460BDF3E-6FAD-FE3D-1F55-42CA0557AEAD}"
EndProject
Project("{FAE04EC0-301F-11D3-BF4B-00C04F79EFBC}") = "DeclarativeEject", "ingested_repositories\microsoft_agent_framework\dotnet\samples\GettingStarted\Workflows\DeclarativeEject\DeclarativeEject.csproj", "{51EF850F-9A86-DA97-2F67-308CBB37A162}"
EndProject
Project("{FAE04EC0-301F-11D3-BF4B-00C04F79EFBC}") = "Loop", "ingested_repositories\microsoft_agent_framework\dotnet\samples\GettingStarted\Workflows\Loop\Loop.csproj", "{A8EDECB9-0914-3285-AACF-2A52652E422D}"
EndProject
Project("{FAE04EC0-301F-11D3-BF4B-00C04F79EFBC}") = "SharedStates", "ingested_repositories\microsoft_agent_framework\dotnet\samples\GettingStarted\Workflows\SharedStates\SharedStates.csproj", "{638E4FA3-FF85-03B9-BCA1-3D7FEDF40B8F}"
EndProject
Project("{FAE04EC0-301F-11D3-BF4B-00C04F79EFBC}") = "Visualization", "ingested_repositories\microsoft_agent_framework\dotnet\samples\GettingStarted\Workflows\Visualization\Visualization.csproj", "{1CB54680-AA04-41D8-93BA-A87A508E8A78}"
EndProject
Project("{2150E333-8FDC-42A3-9474-1A3956D46DE8}") = "SemanticKernelMigration", "SemanticKernelMigration", "{0E4B2944-2C61-5248-E596-6E5E53D4B972}"
EndProject
Project("{2150E333-8FDC-42A3-9474-1A3956D46DE8}") = "AzureAIFoundry", "AzureAIFoundry", "{7B337ABE-6784-E185-B961-88400A6DA460}"
EndProject
Project("{FAE04EC0-301F-11D3-BF4B-00C04F79EFBC}") = "AzureAIFoundry_Step01_Basics", "ingested_repositories\microsoft_agent_framework\dotnet\samples\SemanticKernelMigration\AzureAIFoundry\Step01_Basics\AzureAIFoundry_Step01_Basics.csproj", "{BAB7655A-A12A-4E98-D129-8E2DD0F5DBD6}"
EndProject
Project("{FAE04EC0-301F-11D3-BF4B-00C04F79EFBC}") = "AzureAIFoundry_Step02_ToolCall", "ingested_repositories\microsoft_agent_framework\dotnet\samples\SemanticKernelMigration\AzureAIFoundry\Step02_ToolCall\AzureAIFoundry_Step02_ToolCall.csproj", "{84FE8669-1414-3AFA-7B66-8B924074FDC1}"
EndProject
Project("{FAE04EC0-301F-11D3-BF4B-00C04F79EFBC}") = "AzureAIFoundry_Step03_DependencyInjection", "ingested_repositories\microsoft_agent_framework\dotnet\samples\SemanticKernelMigration\AzureAIFoundry\Step03_DependencyInjection\AzureAIFoundry_Step03_DependencyInjection.csproj", "{610257B9-4D04-45FF-964D-8035763AD642}"
EndProject
Project("{FAE04EC0-301F-11D3-BF4B-00C04F79EFBC}") = "AzureAIFoundry_Step04_CodeInterpreter", "ingested_repositories\microsoft_agent_framework\dotnet\samples\SemanticKernelMigration\AzureAIFoundry\Step04_CodeInterpreter\AzureAIFoundry_Step04_CodeInterpreter.csproj", "{8674BB0D-464A-4BD8-89D2-A322A5DCFD57}"
EndProject
Project("{2150E333-8FDC-42A3-9474-1A3956D46DE8}") = "AzureOpenAI", "AzureOpenAI", "{27CCAF39-A7B4-10B7-D691-3E1F8EC45ED8}"
EndProject
Project("{FAE04EC0-301F-11D3-BF4B-00C04F79EFBC}") = "AzureOpenAI_Step01_Basics", "ingested_repositories\microsoft_agent_framework\dotnet\samples\SemanticKernelMigration\AzureOpenAI\Step01_Basics\AzureOpenAI_Step01_Basics.csproj", "{C1717C34-BFD2-AEA9-03DA-705753440E9E}"
EndProject
Project("{FAE04EC0-301F-11D3-BF4B-00C04F79EFBC}") = "AzureOpenAI_Step02_ToolCall", "ingested_repositories\microsoft_agent_framework\dotnet\samples\SemanticKernelMigration\AzureOpenAI\Step02_ToolCall\AzureOpenAI_Step02_ToolCall.csproj", "{72CF00CA-0679-E508-8260-D67100D07274}"
EndProject
Project("{FAE04EC0-301F-11D3-BF4B-00C04F79EFBC}") = "AzureOpenAI_Step03_DependencyInjection", "ingested_repositories\microsoft_agent_framework\dotnet\samples\SemanticKernelMigration\AzureOpenAI\Step03_DependencyInjection\AzureOpenAI_Step03_DependencyInjection.csproj", "{4E4F4783-0828-4370-CC5C-7753A39D5DFA}"
EndProject
Project("{2150E333-8FDC-42A3-9474-1A3956D46DE8}") = "AzureOpenAIAssistants", "AzureOpenAIAssistants", "{B102AC9B-A4C4-D696-A9E7-2FFC1DA614A1}"
EndProject
Project("{FAE04EC0-301F-11D3-BF4B-00C04F79EFBC}") = "AzureOpenAIAssistants_Step01_Basics", "ingested_repositories\microsoft_agent_framework\dotnet\samples\SemanticKernelMigration\AzureOpenAIAssistants\Step01_Basics\AzureOpenAIAssistants_Step01_Basics.csproj", "{C1671204-E1A4-70D1-F216-4A8063C53E1E}"
EndProject
Project("{FAE04EC0-301F-11D3-BF4B-00C04F79EFBC}") = "AzureOpenAIAssistants_Step02_ToolCall", "ingested_repositories\microsoft_agent_framework\dotnet\samples\SemanticKernelMigration\AzureOpenAIAssistants\Step02_ToolCall\AzureOpenAIAssistants_Step02_ToolCall.csproj", "{E8990E73-8157-4943-5976-6A807754EF07}"
EndProject
Project("{FAE04EC0-301F-11D3-BF4B-00C04F79EFBC}") = "AzureOpenAIAssistants_Step03_DependencyInjection", "ingested_repositories\microsoft_agent_framework\dotnet\samples\SemanticKernelMigration\AzureOpenAIAssistants\Step03_DependencyInjection\AzureOpenAIAssistants_Step03_DependencyInjection.csproj", "{84247F27-C8A8-E6EB-9FED-3BDD6BA232C4}"
EndProject
Project("{FAE04EC0-301F-11D3-BF4B-00C04F79EFBC}") = "AzureOpenAIAssistants_Step04_CodeInterpreter", "ingested_repositories\microsoft_agent_framework\dotnet\samples\SemanticKernelMigration\AzureOpenAIAssistants\Step04_CodeInterpreter\AzureOpenAIAssistants_Step04_CodeInterpreter.csproj", "{EBC56376-75CC-7752-5847-D07DD36E5947}"
EndProject
Project("{2150E333-8FDC-42A3-9474-1A3956D46DE8}") = "AzureOpenAIResponses", "AzureOpenAIResponses", "{68E5EB9B-3095-33F5-4555-44981008929B}"
EndProject
Project("{FAE04EC0-301F-11D3-BF4B-00C04F79EFBC}") = "AzureOpenAIResponses_Step01_Basics", "ingested_repositories\microsoft_agent_framework\dotnet\samples\SemanticKernelMigration\AzureOpenAIResponses\Step01_Basics\AzureOpenAIResponses_Step01_Basics.csproj", "{82DFCBCA-7D60-5182-AAFC-15619ED66C17}"
EndProject
Project("{FAE04EC0-301F-11D3-BF4B-00C04F79EFBC}") = "AzureOpenAIResponses_Step02_ReasoningModel", "ingested_repositories\microsoft_agent_framework\dotnet\samples\SemanticKernelMigration\AzureOpenAIResponses\Step02_ReasoningModel\AzureOpenAIResponses_Step02_ReasoningModel.csproj", "{EE5086CD-4F33-2350-59C6-61366523F6DC}"
EndProject
Project("{FAE04EC0-301F-11D3-BF4B-00C04F79EFBC}") = "AzureOpenAIResponses_Step03_ToolCall", "ingested_repositories\microsoft_agent_framework\dotnet\samples\SemanticKernelMigration\AzureOpenAIResponses\Step03_ToolCall\AzureOpenAIResponses_Step03_ToolCall.csproj", "{0725D762-E456-4763-EF4D-8E425A168FA5}"
EndProject
Project("{FAE04EC0-301F-11D3-BF4B-00C04F79EFBC}") = "AzureOpenAIResponses_Step04_DependencyInjection", "ingested_repositories\microsoft_agent_framework\dotnet\samples\SemanticKernelMigration\AzureOpenAIResponses\Step04_DependencyInjection\AzureOpenAIResponses_Step04_DependencyInjection.csproj", "{B40F07AA-56FB-A7D7-BB47-657B74F8573F}"
EndProject
Project("{2150E333-8FDC-42A3-9474-1A3956D46DE8}") = "OpenAI", "OpenAI", "{2A2E0506-9BF1-D9E4-CFBB-ACC56A1B6927}"
EndProject
Project("{FAE04EC0-301F-11D3-BF4B-00C04F79EFBC}") = "OpenAI_Step01_Basics", "ingested_repositories\microsoft_agent_framework\dotnet\samples\SemanticKernelMigration\OpenAI\Step01_Basics\OpenAI_Step01_Basics.csproj", "{6A430732-B9E1-9916-4977-B5DBAF5C82FB}"
EndProject
Project("{FAE04EC0-301F-11D3-BF4B-00C04F79EFBC}") = "OpenAI_Step02_ToolCall", "ingested_repositories\microsoft_agent_framework\dotnet\samples\SemanticKernelMigration\OpenAI\Step02_ToolCall\OpenAI_Step02_ToolCall.csproj", "{F0EF2B47-55F0-BDAA-F048-2A062E3E74B0}"
EndProject
Project("{FAE04EC0-301F-11D3-BF4B-00C04F79EFBC}") = "OpenAI_Step03_DependencyInjection", "ingested_repositories\microsoft_agent_framework\dotnet\samples\SemanticKernelMigration\OpenAI\Step03_DependencyInjection\OpenAI_Step03_DependencyInjection.csproj", "{BBE600AC-1D6A-07C8-4F50-B4E4D6D1EFE2}"
EndProject
Project("{2150E333-8FDC-42A3-9474-1A3956D46DE8}") = "OpenAIAssistants", "OpenAIAssistants", "{B0313693-FC71-1D41-4E8E-8101438BA135}"
EndProject
Project("{FAE04EC0-301F-11D3-BF4B-00C04F79EFBC}") = "OpenAIAssistants_Step01_Basics", "ingested_repositories\microsoft_agent_framework\dotnet\samples\SemanticKernelMigration\OpenAIAssistants\Step01_Basics\OpenAIAssistants_Step01_Basics.csproj", "{4A08CE8B-CE3A-0DB2-5587-1EC94AEE814B}"
EndProject
Project("{FAE04EC0-301F-11D3-BF4B-00C04F79EFBC}") = "OpenAIAssistants_Step02_ToolCall", "ingested_repositories\microsoft_agent_framework\dotnet\samples\SemanticKernelMigration\OpenAIAssistants\Step02_ToolCall\OpenAIAssistants_Step02_ToolCall.csproj", "{A9E1CD68-1AF6-6245-9A03-35B7886D6B4D}"
EndProject
Project("{FAE04EC0-301F-11D3-BF4B-00C04F79EFBC}") = "OpenAIAssistants_Step03_DependencyInjection", "ingested_repositories\microsoft_agent_framework\dotnet\samples\SemanticKernelMigration\OpenAIAssistants\Step03_DependencyInjection\OpenAIAssistants_Step03_DependencyInjection.csproj", "{1BFE88C3-D19D-0C80-9BC9-D006172632DA}"
EndProject
Project("{FAE04EC0-301F-11D3-BF4B-00C04F79EFBC}") = "OpenAIAssistants_Step04_CodeInterpreter", "ingested_repositories\microsoft_agent_framework\dotnet\samples\SemanticKernelMigration\OpenAIAssistants\Step04_CodeInterpreter\OpenAIAssistants_Step04_CodeInterpreter.csproj", "{AE4B3A80-0B71-F290-8FE3-30E35154EB51}"
EndProject
Project("{2150E333-8FDC-42A3-9474-1A3956D46DE8}") = "OpenAIResponses", "OpenAIResponses", "{A40CE962-F2DE-1F4C-7C18-0F73B6B71347}"
EndProject
Project("{FAE04EC0-301F-11D3-BF4B-00C04F79EFBC}") = "OpenAIResponses_Step01_Basics", "ingested_repositories\microsoft_agent_framework\dotnet\samples\SemanticKernelMigration\OpenAIResponses\Step01_Basics\OpenAIResponses_Step01_Basics.csproj", "{6F4EAC22-7A06-B1E7-F8A8-C1444C19115D}"
EndProject
Project("{FAE04EC0-301F-11D3-BF4B-00C04F79EFBC}") = "OpenAIResponses_Step02_ReasoningModel", "ingested_repositories\microsoft_agent_framework\dotnet\samples\SemanticKernelMigration\OpenAIResponses\Step02_ReasoningModel\OpenAIResponses_Step02_ReasoningModel.csproj", "{133E5764-C064-6685-70C3-19DF8D8584C4}"
EndProject
Project("{FAE04EC0-301F-11D3-BF4B-00C04F79EFBC}") = "OpenAIResponses_Step03_ToolCall", "ingested_repositories\microsoft_agent_framework\dotnet\samples\SemanticKernelMigration\OpenAIResponses\Step03_ToolCall\OpenAIResponses_Step03_ToolCall.csproj", "{EB4139EA-1474-177B-AD19-09ECCC4A191A}"
EndProject
Project("{FAE04EC0-301F-11D3-BF4B-00C04F79EFBC}") = "OpenAIResponses_Step04_DependencyInjection", "ingested_repositories\microsoft_agent_framework\dotnet\samples\SemanticKernelMigration\OpenAIResponses\Step04_DependencyInjection\OpenAIResponses_Step04_DependencyInjection.csproj", "{13F11EE6-8455-6DE1-FB88-57D23575A898}"
EndProject
Project("{2150E333-8FDC-42A3-9474-1A3956D46DE8}") = "Playground", "Playground", "{46D700ED-F2D0-F52E-5D53-1B05F08D6DA6}"
EndProject
Project("{FAE04EC0-301F-11D3-BF4B-00C04F79EFBC}") = "SemanticKernelBasic", "ingested_repositories\microsoft_agent_framework\dotnet\samples\SemanticKernelMigration\Playground\SemanticKernelBasic\SemanticKernelBasic.csproj", "{F42B5AF5-8D1F-742B-5F05-8AFEDC021057}"
EndProject
Project("{2150E333-8FDC-42A3-9474-1A3956D46DE8}") = "Agents", "Agents", "{C9848640-FB5B-B92D-F11E-FB2DF036F482}"
EndProject
Project("{FAE04EC0-301F-11D3-BF4B-00C04F79EFBC}") = "CustomAgentExecutors", "ingested_repositories\microsoft_agent_framework\dotnet\samples\GettingStarted\Workflows\Agents\CustomAgentExecutors\CustomAgentExecutors.csproj", "{ADE20961-B7D6-6923-67F5-2B084020AD5C}"
EndProject
Project("{FAE04EC0-301F-11D3-BF4B-00C04F79EFBC}") = "FoundryAgent", "ingested_repositories\microsoft_agent_framework\dotnet\samples\GettingStarted\Workflows\Agents\FoundryAgent\FoundryAgent.csproj", "{27A5D9A5-1A31-B1AB-04D7-3D37C76F4249}"
EndProject
Project("{FAE04EC0-301F-11D3-BF4B-00C04F79EFBC}") = "WorkflowAsAnAgent", "ingested_repositories\microsoft_agent_framework\dotnet\samples\GettingStarted\Workflows\Agents\WorkflowAsAnAgent\WorkflowAsAnAgent.csproj", "{62BAC9F5-1670-8A43-8210-57DACD3D611F}"
EndProject
Project("{2150E333-8FDC-42A3-9474-1A3956D46DE8}") = "Checkpoint", "Checkpoint", "{636536AD-D2D2-CD40-5215-343E1B23CB75}"
EndProject
Project("{FAE04EC0-301F-11D3-BF4B-00C04F79EFBC}") = "CheckpointAndRehydrate", "ingested_repositories\microsoft_agent_framework\dotnet\samples\GettingStarted\Workflows\Checkpoint\CheckpointAndRehydrate\CheckpointAndRehydrate.csproj", "{9A2E6BB3-8517-FC57-FFAC-E436B6B7FBD3}"
EndProject
Project("{FAE04EC0-301F-11D3-BF4B-00C04F79EFBC}") = "CheckpointAndResume", "ingested_repositories\microsoft_agent_framework\dotnet\samples\GettingStarted\Workflows\Checkpoint\CheckpointAndResume\CheckpointAndResume.csproj", "{571EDB24-E8CF-2BC2-EE53-3DB4F8E46D7A}"
EndProject
Project("{FAE04EC0-301F-11D3-BF4B-00C04F79EFBC}") = "CheckpointWithHumanInTheLoop", "ingested_repositories\microsoft_agent_framework\dotnet\samples\GettingStarted\Workflows\Checkpoint\CheckpointWithHumanInTheLoop\CheckpointWithHumanInTheLoop.csproj", "{7F72D9FA-63F8-7E81-ABDD-65E24607D364}"
EndProject
Project("{2150E333-8FDC-42A3-9474-1A3956D46DE8}") = "Concurrent", "Concurrent", "{31F4FD57-A0ED-D5EE-3DD1-93AA3D9D524A}"
EndProject
Project("{FAE04EC0-301F-11D3-BF4B-00C04F79EFBC}") = "Concurrent", "ingested_repositories\microsoft_agent_framework\dotnet\samples\GettingStarted\Workflows\Concurrent\Concurrent\Concurrent.csproj", "{A6C7E8FC-BDC0-6947-E5F4-889E3D0D2BBC}"
EndProject
Project("{FAE04EC0-301F-11D3-BF4B-00C04F79EFBC}") = "MapReduce", "ingested_repositories\microsoft_agent_framework\dotnet\samples\GettingStarted\Workflows\Concurrent\MapReduce\MapReduce.csproj", "{2569D48E-999F-AAF7-BBE4-937FFFA7BC57}"
EndProject
Project("{2150E333-8FDC-42A3-9474-1A3956D46DE8}") = "ConditionalEdges", "ConditionalEdges", "{5FCB9EE4-A533-56F3-1D96-BC631A21EF87}"
EndProject
Project("{FAE04EC0-301F-11D3-BF4B-00C04F79EFBC}") = "01_EdgeCondition", "ingested_repositories\microsoft_agent_framework\dotnet\samples\GettingStarted\Workflows\ConditionalEdges\01_EdgeCondition\01_EdgeCondition.csproj", "{1BEDC971-5FFB-4B25-FA60-55038688B80C}"
EndProject
Project("{FAE04EC0-301F-11D3-BF4B-00C04F79EFBC}") = "02_SwitchCase", "ingested_repositories\microsoft_agent_framework\dotnet\samples\GettingStarted\Workflows\ConditionalEdges\02_SwitchCase\02_SwitchCase.csproj", "{1B838CFE-9786-585A-C47D-6AECAF534396}"
EndProject
Project("{FAE04EC0-301F-11D3-BF4B-00C04F79EFBC}") = "03_MultiSelection", "ingested_repositories\microsoft_agent_framework\dotnet\samples\GettingStarted\Workflows\ConditionalEdges\03_MultiSelection\03_MultiSelection.csproj", "{CF70F344-BC6F-13E5-93BB-D74960FAC961}"
EndProject
Project("{2150E333-8FDC-42A3-9474-1A3956D46DE8}") = "HumanInTheLoop", "HumanInTheLoop", "{A8057DEA-CE72-4D38-86D4-7E2D2CD582E2}"
EndProject
Project("{FAE04EC0-301F-11D3-BF4B-00C04F79EFBC}") = "HumanInTheLoopBasic", "ingested_repositories\microsoft_agent_framework\dotnet\samples\GettingStarted\Workflows\HumanInTheLoop\HumanInTheLoopBasic\HumanInTheLoopBasic.csproj", "{88C4455E-B81C-5274-B424-3EA92053BEF0}"
EndProject
Project("{2150E333-8FDC-42A3-9474-1A3956D46DE8}") = "Observability", "Observability", "{83DD048C-A6ED-F70E-297F-D92EA6756E5B}"
EndProject
Project("{FAE04EC0-301F-11D3-BF4B-00C04F79EFBC}") = "AspireDashboard", "ingested_repositories\microsoft_agent_framework\dotnet\samples\GettingStarted\Workflows\Observability\AspireDashboard\AspireDashboard.csproj", "{FF75F010-8D7F-A571-7BD0-256BED4B3C46}"
EndProject
Project("{2150E333-8FDC-42A3-9474-1A3956D46DE8}") = "_Foundational", "_Foundational", "{80BF4929-B742-98A4-0FE6-CDC98BBA04F4}"
EndProject
Project("{FAE04EC0-301F-11D3-BF4B-00C04F79EFBC}") = "01_ExecutorsAndEdges", "ingested_repositories\microsoft_agent_framework\dotnet\samples\GettingStarted\Workflows\_Foundational\01_ExecutorsAndEdges\01_ExecutorsAndEdges.csproj", "{BFAE78DB-217F-9422-3680-2FE48B1C396A}"
EndProject
Project("{FAE04EC0-301F-11D3-BF4B-00C04F79EFBC}") = "02_Streaming", "ingested_repositories\microsoft_agent_framework\dotnet\samples\GettingStarted\Workflows\_Foundational\02_Streaming\02_Streaming.csproj", "{548D5EEE-1052-7E77-2CC2-2250BDC9F023}"
EndProject
Project("{FAE04EC0-301F-11D3-BF4B-00C04F79EFBC}") = "03_AgentsInWorkflows", "ingested_repositories\microsoft_agent_framework\dotnet\samples\GettingStarted\Workflows\_Foundational\03_AgentsInWorkflows\03_AgentsInWorkflows.csproj", "{376F7913-BD19-745D-C715-726DF107FE14}"
EndProject
Project("{FAE04EC0-301F-11D3-BF4B-00C04F79EFBC}") = "04_AgentWorkflowPatterns", "ingested_repositories\microsoft_agent_framework\dotnet\samples\GettingStarted\Workflows\_Foundational\04_AgentWorkflowPatterns\04_AgentWorkflowPatterns.csproj", "{F4B2266D-4EA0-8B9C-2446-A192A8DC8EDB}"
EndProject
Project("{FAE04EC0-301F-11D3-BF4B-00C04F79EFBC}") = "05_MultiModelService", "ingested_repositories\microsoft_agent_framework\dotnet\samples\GettingStarted\Workflows\_Foundational\05_MultiModelService\05_MultiModelService.csproj", "{97FCE72C-5EF0-A538-EAD8-BC4CA009D061}"
EndProject
Global
	GlobalSection(SolutionConfigurationPlatforms) = preSolution
		Debug|Any CPU = Debug|Any CPU
		Release|Any CPU = Release|Any CPU
	EndGlobalSection
	GlobalSection(ProjectConfigurationPlatforms) = postSolution
		{4C9F54DE-3482-F77D-346B-23DE66E3304B}.Debug|Any CPU.ActiveCfg = Debug|Any CPU
		{4C9F54DE-3482-F77D-346B-23DE66E3304B}.Debug|Any CPU.Build.0 = Debug|Any CPU
		{4C9F54DE-3482-F77D-346B-23DE66E3304B}.Release|Any CPU.ActiveCfg = Release|Any CPU
		{4C9F54DE-3482-F77D-346B-23DE66E3304B}.Release|Any CPU.Build.0 = Release|Any CPU
		{BD22F3F8-7BD6-5C9D-1E9F-084A51EDFC2F}.Debug|Any CPU.ActiveCfg = Debug|Any CPU
		{BD22F3F8-7BD6-5C9D-1E9F-084A51EDFC2F}.Debug|Any CPU.Build.0 = Debug|Any CPU
		{BD22F3F8-7BD6-5C9D-1E9F-084A51EDFC2F}.Release|Any CPU.ActiveCfg = Release|Any CPU
		{BD22F3F8-7BD6-5C9D-1E9F-084A51EDFC2F}.Release|Any CPU.Build.0 = Release|Any CPU
		{9B77A58F-6A45-745A-4C77-B5483D91A818}.Debug|Any CPU.ActiveCfg = Debug|Any CPU
		{9B77A58F-6A45-745A-4C77-B5483D91A818}.Debug|Any CPU.Build.0 = Debug|Any CPU
		{9B77A58F-6A45-745A-4C77-B5483D91A818}.Release|Any CPU.ActiveCfg = Release|Any CPU
		{9B77A58F-6A45-745A-4C77-B5483D91A818}.Release|Any CPU.Build.0 = Release|Any CPU
		{411EC214-845A-BB37-DFC0-B05FE58B2834}.Debug|Any CPU.ActiveCfg = Debug|Any CPU
		{411EC214-845A-BB37-DFC0-B05FE58B2834}.Debug|Any CPU.Build.0 = Debug|Any CPU
		{411EC214-845A-BB37-DFC0-B05FE58B2834}.Release|Any CPU.ActiveCfg = Release|Any CPU
		{411EC214-845A-BB37-DFC0-B05FE58B2834}.Release|Any CPU.Build.0 = Release|Any CPU
		{9821DB96-0385-C5DB-E497-A4FA005564DC}.Debug|Any CPU.ActiveCfg = Debug|Any CPU
		{9821DB96-0385-C5DB-E497-A4FA005564DC}.Debug|Any CPU.Build.0 = Debug|Any CPU
		{9821DB96-0385-C5DB-E497-A4FA005564DC}.Release|Any CPU.ActiveCfg = Release|Any CPU
		{9821DB96-0385-C5DB-E497-A4FA005564DC}.Release|Any CPU.Build.0 = Release|Any CPU
		{0552205A-A462-A7C6-4ED9-D9D07CF69503}.Debug|Any CPU.ActiveCfg = Debug|Any CPU
		{0552205A-A462-A7C6-4ED9-D9D07CF69503}.Debug|Any CPU.Build.0 = Debug|Any CPU
		{0552205A-A462-A7C6-4ED9-D9D07CF69503}.Release|Any CPU.ActiveCfg = Release|Any CPU
		{0552205A-A462-A7C6-4ED9-D9D07CF69503}.Release|Any CPU.Build.0 = Release|Any CPU
		{F86343B6-414D-307D-9C51-E1E830C0657C}.Debug|Any CPU.ActiveCfg = Debug|Any CPU
		{F86343B6-414D-307D-9C51-E1E830C0657C}.Debug|Any CPU.Build.0 = Debug|Any CPU
		{F86343B6-414D-307D-9C51-E1E830C0657C}.Release|Any CPU.ActiveCfg = Release|Any CPU
		{F86343B6-414D-307D-9C51-E1E830C0657C}.Release|Any CPU.Build.0 = Release|Any CPU
		{2520D1A3-2671-62DA-A340-98F75C5FA5A8}.Debug|Any CPU.ActiveCfg = Debug|Any CPU
		{2520D1A3-2671-62DA-A340-98F75C5FA5A8}.Debug|Any CPU.Build.0 = Debug|Any CPU
		{2520D1A3-2671-62DA-A340-98F75C5FA5A8}.Release|Any CPU.ActiveCfg = Release|Any CPU
		{2520D1A3-2671-62DA-A340-98F75C5FA5A8}.Release|Any CPU.Build.0 = Release|Any CPU
		{18F02C74-7C38-462B-FEAD-61F967B2C3BE}.Debug|Any CPU.ActiveCfg = Debug|Any CPU
		{18F02C74-7C38-462B-FEAD-61F967B2C3BE}.Debug|Any CPU.Build.0 = Debug|Any CPU
		{18F02C74-7C38-462B-FEAD-61F967B2C3BE}.Release|Any CPU.ActiveCfg = Release|Any CPU
		{18F02C74-7C38-462B-FEAD-61F967B2C3BE}.Release|Any CPU.Build.0 = Release|Any CPU
		{5E1183D5-492B-5EF2-7C55-013A3B4DCC28}.Debug|Any CPU.ActiveCfg = Debug|Any CPU
		{5E1183D5-492B-5EF2-7C55-013A3B4DCC28}.Debug|Any CPU.Build.0 = Debug|Any CPU
		{5E1183D5-492B-5EF2-7C55-013A3B4DCC28}.Release|Any CPU.ActiveCfg = Release|Any CPU
		{5E1183D5-492B-5EF2-7C55-013A3B4DCC28}.Release|Any CPU.Build.0 = Release|Any CPU
		{8DE911F3-A7C3-B7F9-F0F4-7F763D068817}.Debug|Any CPU.ActiveCfg = Debug|Any CPU
		{8DE911F3-A7C3-B7F9-F0F4-7F763D068817}.Debug|Any CPU.Build.0 = Debug|Any CPU
		{8DE911F3-A7C3-B7F9-F0F4-7F763D068817}.Release|Any CPU.ActiveCfg = Release|Any CPU
		{8DE911F3-A7C3-B7F9-F0F4-7F763D068817}.Release|Any CPU.Build.0 = Release|Any CPU
		{BAE62F31-3E9D-91CD-EE82-1612E60FF90B}.Debug|Any CPU.ActiveCfg = Debug|Any CPU
		{BAE62F31-3E9D-91CD-EE82-1612E60FF90B}.Debug|Any CPU.Build.0 = Debug|Any CPU
		{BAE62F31-3E9D-91CD-EE82-1612E60FF90B}.Release|Any CPU.ActiveCfg = Release|Any CPU
		{BAE62F31-3E9D-91CD-EE82-1612E60FF90B}.Release|Any CPU.Build.0 = Release|Any CPU
		{D6236EFF-3021-07AE-9CB5-9B294202EE48}.Debug|Any CPU.ActiveCfg = Debug|Any CPU
		{D6236EFF-3021-07AE-9CB5-9B294202EE48}.Debug|Any CPU.Build.0 = Debug|Any CPU
		{D6236EFF-3021-07AE-9CB5-9B294202EE48}.Release|Any CPU.ActiveCfg = Release|Any CPU
		{D6236EFF-3021-07AE-9CB5-9B294202EE48}.Release|Any CPU.Build.0 = Release|Any CPU
		{52FD0C47-B83C-78FD-2C0D-A3B407FE6B2B}.Debug|Any CPU.ActiveCfg = Debug|Any CPU
		{52FD0C47-B83C-78FD-2C0D-A3B407FE6B2B}.Debug|Any CPU.Build.0 = Debug|Any CPU
		{52FD0C47-B83C-78FD-2C0D-A3B407FE6B2B}.Release|Any CPU.ActiveCfg = Release|Any CPU
		{52FD0C47-B83C-78FD-2C0D-A3B407FE6B2B}.Release|Any CPU.Build.0 = Release|Any CPU
		{451AC4B9-E5E8-DC01-FD37-00F00326E1BA}.Debug|Any CPU.ActiveCfg = Debug|Any CPU
		{451AC4B9-E5E8-DC01-FD37-00F00326E1BA}.Debug|Any CPU.Build.0 = Debug|Any CPU
		{451AC4B9-E5E8-DC01-FD37-00F00326E1BA}.Release|Any CPU.ActiveCfg = Release|Any CPU
		{451AC4B9-E5E8-DC01-FD37-00F00326E1BA}.Release|Any CPU.Build.0 = Release|Any CPU
		{C6319F9F-6F80-25A0-57B6-E06656C02163}.Debug|Any CPU.ActiveCfg = Debug|Any CPU
		{C6319F9F-6F80-25A0-57B6-E06656C02163}.Debug|Any CPU.Build.0 = Debug|Any CPU
		{C6319F9F-6F80-25A0-57B6-E06656C02163}.Release|Any CPU.ActiveCfg = Release|Any CPU
		{C6319F9F-6F80-25A0-57B6-E06656C02163}.Release|Any CPU.Build.0 = Release|Any CPU
		{1CB37DE5-5CD4-7C77-8309-75E0154E35BA}.Debug|Any CPU.ActiveCfg = Debug|Any CPU
		{1CB37DE5-5CD4-7C77-8309-75E0154E35BA}.Debug|Any CPU.Build.0 = Debug|Any CPU
		{1CB37DE5-5CD4-7C77-8309-75E0154E35BA}.Release|Any CPU.ActiveCfg = Release|Any CPU
		{1CB37DE5-5CD4-7C77-8309-75E0154E35BA}.Release|Any CPU.Build.0 = Release|Any CPU
		{6894BFB9-A8F8-C62A-CB8B-9E634C50F8D9}.Debug|Any CPU.ActiveCfg = Debug|Any CPU
		{6894BFB9-A8F8-C62A-CB8B-9E634C50F8D9}.Debug|Any CPU.Build.0 = Debug|Any CPU
		{6894BFB9-A8F8-C62A-CB8B-9E634C50F8D9}.Release|Any CPU.ActiveCfg = Release|Any CPU
		{6894BFB9-A8F8-C62A-CB8B-9E634C50F8D9}.Release|Any CPU.Build.0 = Release|Any CPU
		{9E8C2345-D131-15CD-5B19-586A320F080C}.Debug|Any CPU.ActiveCfg = Debug|Any CPU
		{9E8C2345-D131-15CD-5B19-586A320F080C}.Debug|Any CPU.Build.0 = Debug|Any CPU
		{9E8C2345-D131-15CD-5B19-586A320F080C}.Release|Any CPU.ActiveCfg = Release|Any CPU
		{9E8C2345-D131-15CD-5B19-586A320F080C}.Release|Any CPU.Build.0 = Release|Any CPU
		{8D03FCFA-8F30-FD04-D283-1B53580B5EAE}.Debug|Any CPU.ActiveCfg = Debug|Any CPU
		{8D03FCFA-8F30-FD04-D283-1B53580B5EAE}.Debug|Any CPU.Build.0 = Debug|Any CPU
		{8D03FCFA-8F30-FD04-D283-1B53580B5EAE}.Release|Any CPU.ActiveCfg = Release|Any CPU
		{8D03FCFA-8F30-FD04-D283-1B53580B5EAE}.Release|Any CPU.Build.0 = Release|Any CPU
		{2BB08457-53B7-B630-9DC3-8713EC054B95}.Debug|Any CPU.ActiveCfg = Debug|Any CPU
		{2BB08457-53B7-B630-9DC3-8713EC054B95}.Debug|Any CPU.Build.0 = Debug|Any CPU
		{2BB08457-53B7-B630-9DC3-8713EC054B95}.Release|Any CPU.ActiveCfg = Release|Any CPU
		{2BB08457-53B7-B630-9DC3-8713EC054B95}.Release|Any CPU.Build.0 = Release|Any CPU
		{8B0E956A-3FCD-1D4F-0946-2746A7E58ACE}.Debug|Any CPU.ActiveCfg = Debug|Any CPU
		{8B0E956A-3FCD-1D4F-0946-2746A7E58ACE}.Debug|Any CPU.Build.0 = Debug|Any CPU
		{8B0E956A-3FCD-1D4F-0946-2746A7E58ACE}.Release|Any CPU.ActiveCfg = Release|Any CPU
		{8B0E956A-3FCD-1D4F-0946-2746A7E58ACE}.Release|Any CPU.Build.0 = Release|Any CPU
		{5A3A3C5B-CDDF-E128-8408-1D10C46891E0}.Debug|Any CPU.ActiveCfg = Debug|Any CPU
		{5A3A3C5B-CDDF-E128-8408-1D10C46891E0}.Debug|Any CPU.Build.0 = Debug|Any CPU
		{5A3A3C5B-CDDF-E128-8408-1D10C46891E0}.Release|Any CPU.ActiveCfg = Release|Any CPU
		{5A3A3C5B-CDDF-E128-8408-1D10C46891E0}.Release|Any CPU.Build.0 = Release|Any CPU
		{A7312DB3-0BE2-FAE7-5A5A-B6D1492A413A}.Debug|Any CPU.ActiveCfg = Debug|Any CPU
		{A7312DB3-0BE2-FAE7-5A5A-B6D1492A413A}.Debug|Any CPU.Build.0 = Debug|Any CPU
		{A7312DB3-0BE2-FAE7-5A5A-B6D1492A413A}.Release|Any CPU.ActiveCfg = Release|Any CPU
		{A7312DB3-0BE2-FAE7-5A5A-B6D1492A413A}.Release|Any CPU.Build.0 = Release|Any CPU
		{B904AF55-11BA-E49E-7EFD-52B263FBC571}.Debug|Any CPU.ActiveCfg = Debug|Any CPU
		{B904AF55-11BA-E49E-7EFD-52B263FBC571}.Debug|Any CPU.Build.0 = Debug|Any CPU
		{B904AF55-11BA-E49E-7EFD-52B263FBC571}.Release|Any CPU.ActiveCfg = Release|Any CPU
		{B904AF55-11BA-E49E-7EFD-52B263FBC571}.Release|Any CPU.Build.0 = Release|Any CPU
		{8251B606-5E90-5A7A-16D2-5930FC4F6B3C}.Debug|Any CPU.ActiveCfg = Debug|Any CPU
		{8251B606-5E90-5A7A-16D2-5930FC4F6B3C}.Debug|Any CPU.Build.0 = Debug|Any CPU
		{8251B606-5E90-5A7A-16D2-5930FC4F6B3C}.Release|Any CPU.ActiveCfg = Release|Any CPU
		{8251B606-5E90-5A7A-16D2-5930FC4F6B3C}.Release|Any CPU.Build.0 = Release|Any CPU
		{942DF226-D5D0-23D1-0953-A79C15AAB84D}.Debug|Any CPU.ActiveCfg = Debug|Any CPU
		{942DF226-D5D0-23D1-0953-A79C15AAB84D}.Debug|Any CPU.Build.0 = Debug|Any CPU
		{942DF226-D5D0-23D1-0953-A79C15AAB84D}.Release|Any CPU.ActiveCfg = Release|Any CPU
		{942DF226-D5D0-23D1-0953-A79C15AAB84D}.Release|Any CPU.Build.0 = Release|Any CPU
		{266D76D7-4DF6-82F5-2B0F-0239DA4239E2}.Debug|Any CPU.ActiveCfg = Debug|Any CPU
		{266D76D7-4DF6-82F5-2B0F-0239DA4239E2}.Debug|Any CPU.Build.0 = Debug|Any CPU
		{266D76D7-4DF6-82F5-2B0F-0239DA4239E2}.Release|Any CPU.ActiveCfg = Release|Any CPU
		{266D76D7-4DF6-82F5-2B0F-0239DA4239E2}.Release|Any CPU.Build.0 = Release|Any CPU
		{F3614FD0-3F93-D824-4646-7E9A4CFE1015}.Debug|Any CPU.ActiveCfg = Debug|Any CPU
		{F3614FD0-3F93-D824-4646-7E9A4CFE1015}.Debug|Any CPU.Build.0 = Debug|Any CPU
		{F3614FD0-3F93-D824-4646-7E9A4CFE1015}.Release|Any CPU.ActiveCfg = Release|Any CPU
		{F3614FD0-3F93-D824-4646-7E9A4CFE1015}.Release|Any CPU.Build.0 = Release|Any CPU
		{3FB60235-213C-3554-F8F7-9773B462A423}.Debug|Any CPU.ActiveCfg = Debug|Any CPU
		{3FB60235-213C-3554-F8F7-9773B462A423}.Debug|Any CPU.Build.0 = Debug|Any CPU
		{3FB60235-213C-3554-F8F7-9773B462A423}.Release|Any CPU.ActiveCfg = Release|Any CPU
		{3FB60235-213C-3554-F8F7-9773B462A423}.Release|Any CPU.Build.0 = Release|Any CPU
		{843F7D76-8B95-1FF2-1037-237EC260FA3A}.Debug|Any CPU.ActiveCfg = Debug|Any CPU
		{843F7D76-8B95-1FF2-1037-237EC260FA3A}.Debug|Any CPU.Build.0 = Debug|Any CPU
		{843F7D76-8B95-1FF2-1037-237EC260FA3A}.Release|Any CPU.ActiveCfg = Release|Any CPU
		{843F7D76-8B95-1FF2-1037-237EC260FA3A}.Release|Any CPU.Build.0 = Release|Any CPU
		{2362D2FE-36E4-25F1-287E-4E65E79D6679}.Debug|Any CPU.ActiveCfg = Debug|Any CPU
		{2362D2FE-36E4-25F1-287E-4E65E79D6679}.Debug|Any CPU.Build.0 = Debug|Any CPU
		{2362D2FE-36E4-25F1-287E-4E65E79D6679}.Release|Any CPU.ActiveCfg = Release|Any CPU
		{2362D2FE-36E4-25F1-287E-4E65E79D6679}.Release|Any CPU.Build.0 = Release|Any CPU
		{03D48DCF-76B6-134B-5969-9AD913BEE113}.Debug|Any CPU.ActiveCfg = Debug|Any CPU
		{03D48DCF-76B6-134B-5969-9AD913BEE113}.Debug|Any CPU.Build.0 = Debug|Any CPU
		{03D48DCF-76B6-134B-5969-9AD913BEE113}.Release|Any CPU.ActiveCfg = Release|Any CPU
		{03D48DCF-76B6-134B-5969-9AD913BEE113}.Release|Any CPU.Build.0 = Release|Any CPU
		{4A72F7FE-2708-6DD9-76A2-5B525E9D2A7D}.Debug|Any CPU.ActiveCfg = Debug|Any CPU
		{4A72F7FE-2708-6DD9-76A2-5B525E9D2A7D}.Debug|Any CPU.Build.0 = Debug|Any CPU
		{4A72F7FE-2708-6DD9-76A2-5B525E9D2A7D}.Release|Any CPU.ActiveCfg = Release|Any CPU
		{4A72F7FE-2708-6DD9-76A2-5B525E9D2A7D}.Release|Any CPU.Build.0 = Release|Any CPU
		{B9E1D99B-487D-510E-07DF-735AC5BAC198}.Debug|Any CPU.ActiveCfg = Debug|Any CPU
		{B9E1D99B-487D-510E-07DF-735AC5BAC198}.Debug|Any CPU.Build.0 = Debug|Any CPU
		{B9E1D99B-487D-510E-07DF-735AC5BAC198}.Release|Any CPU.ActiveCfg = Release|Any CPU
		{B9E1D99B-487D-510E-07DF-735AC5BAC198}.Release|Any CPU.Build.0 = Release|Any CPU
		{10092E85-D157-12CC-9C54-5B508B8F3A45}.Debug|Any CPU.ActiveCfg = Debug|Any CPU
		{10092E85-D157-12CC-9C54-5B508B8F3A45}.Debug|Any CPU.Build.0 = Debug|Any CPU
		{10092E85-D157-12CC-9C54-5B508B8F3A45}.Release|Any CPU.ActiveCfg = Release|Any CPU
		{10092E85-D157-12CC-9C54-5B508B8F3A45}.Release|Any CPU.Build.0 = Release|Any CPU
		{BF4F2CC5-427F-2B68-15A0-9D84CF224819}.Debug|Any CPU.ActiveCfg = Debug|Any CPU
		{BF4F2CC5-427F-2B68-15A0-9D84CF224819}.Debug|Any CPU.Build.0 = Debug|Any CPU
		{BF4F2CC5-427F-2B68-15A0-9D84CF224819}.Release|Any CPU.ActiveCfg = Release|Any CPU
		{BF4F2CC5-427F-2B68-15A0-9D84CF224819}.Release|Any CPU.Build.0 = Release|Any CPU
		{68B071D2-20E1-887A-75E5-F86008B4F49E}.Debug|Any CPU.ActiveCfg = Debug|Any CPU
		{68B071D2-20E1-887A-75E5-F86008B4F49E}.Debug|Any CPU.Build.0 = Debug|Any CPU
		{68B071D2-20E1-887A-75E5-F86008B4F49E}.Release|Any CPU.ActiveCfg = Release|Any CPU
		{68B071D2-20E1-887A-75E5-F86008B4F49E}.Release|Any CPU.Build.0 = Release|Any CPU
		{8329FCBF-3A80-0206-8A76-DC8FB3F62DDF}.Debug|Any CPU.ActiveCfg = Debug|Any CPU
		{8329FCBF-3A80-0206-8A76-DC8FB3F62DDF}.Debug|Any CPU.Build.0 = Debug|Any CPU
		{8329FCBF-3A80-0206-8A76-DC8FB3F62DDF}.Release|Any CPU.ActiveCfg = Release|Any CPU
		{8329FCBF-3A80-0206-8A76-DC8FB3F62DDF}.Release|Any CPU.Build.0 = Release|Any CPU
		{0BC507FC-F460-573A-272C-B5CD72716ACC}.Debug|Any CPU.ActiveCfg = Debug|Any CPU
		{0BC507FC-F460-573A-272C-B5CD72716ACC}.Debug|Any CPU.Build.0 = Debug|Any CPU
		{0BC507FC-F460-573A-272C-B5CD72716ACC}.Release|Any CPU.ActiveCfg = Release|Any CPU
		{0BC507FC-F460-573A-272C-B5CD72716ACC}.Release|Any CPU.Build.0 = Release|Any CPU
		{21C06082-EA20-7D76-48DD-D5557B017F55}.Debug|Any CPU.ActiveCfg = Debug|Any CPU
		{21C06082-EA20-7D76-48DD-D5557B017F55}.Debug|Any CPU.Build.0 = Debug|Any CPU
		{21C06082-EA20-7D76-48DD-D5557B017F55}.Release|Any CPU.ActiveCfg = Release|Any CPU
		{21C06082-EA20-7D76-48DD-D5557B017F55}.Release|Any CPU.Build.0 = Release|Any CPU
		{CDC70030-4636-9847-96CF-0C01A6D45DBB}.Debug|Any CPU.ActiveCfg = Debug|Any CPU
		{CDC70030-4636-9847-96CF-0C01A6D45DBB}.Debug|Any CPU.Build.0 = Debug|Any CPU
		{CDC70030-4636-9847-96CF-0C01A6D45DBB}.Release|Any CPU.ActiveCfg = Release|Any CPU
		{CDC70030-4636-9847-96CF-0C01A6D45DBB}.Release|Any CPU.Build.0 = Release|Any CPU
		{FF99776C-1225-D3E1-406C-BCCB2985E9A4}.Debug|Any CPU.ActiveCfg = Debug|Any CPU
		{FF99776C-1225-D3E1-406C-BCCB2985E9A4}.Debug|Any CPU.Build.0 = Debug|Any CPU
		{FF99776C-1225-D3E1-406C-BCCB2985E9A4}.Release|Any CPU.ActiveCfg = Release|Any CPU
		{FF99776C-1225-D3E1-406C-BCCB2985E9A4}.Release|Any CPU.Build.0 = Release|Any CPU
		{B4C0E0BF-0C58-6086-2317-553F8E6C27FA}.Debug|Any CPU.ActiveCfg = Debug|Any CPU
		{B4C0E0BF-0C58-6086-2317-553F8E6C27FA}.Debug|Any CPU.Build.0 = Debug|Any CPU
		{B4C0E0BF-0C58-6086-2317-553F8E6C27FA}.Release|Any CPU.ActiveCfg = Release|Any CPU
		{B4C0E0BF-0C58-6086-2317-553F8E6C27FA}.Release|Any CPU.Build.0 = Release|Any CPU
		{8D922E3F-8E6C-F2EB-0165-50EAF45E8F28}.Debug|Any CPU.ActiveCfg = Debug|Any CPU
		{8D922E3F-8E6C-F2EB-0165-50EAF45E8F28}.Debug|Any CPU.Build.0 = Debug|Any CPU
		{8D922E3F-8E6C-F2EB-0165-50EAF45E8F28}.Release|Any CPU.ActiveCfg = Release|Any CPU
		{8D922E3F-8E6C-F2EB-0165-50EAF45E8F28}.Release|Any CPU.Build.0 = Release|Any CPU
		{C5D17F67-64E3-35FC-507C-84F25D4FEB22}.Debug|Any CPU.ActiveCfg = Debug|Any CPU
		{C5D17F67-64E3-35FC-507C-84F25D4FEB22}.Debug|Any CPU.Build.0 = Debug|Any CPU
		{C5D17F67-64E3-35FC-507C-84F25D4FEB22}.Release|Any CPU.ActiveCfg = Release|Any CPU
		{C5D17F67-64E3-35FC-507C-84F25D4FEB22}.Release|Any CPU.Build.0 = Release|Any CPU
		{30EFE4B4-0482-998F-A067-6A4F6F231184}.Debug|Any CPU.ActiveCfg = Debug|Any CPU
		{30EFE4B4-0482-998F-A067-6A4F6F231184}.Debug|Any CPU.Build.0 = Debug|Any CPU
		{30EFE4B4-0482-998F-A067-6A4F6F231184}.Release|Any CPU.ActiveCfg = Release|Any CPU
		{30EFE4B4-0482-998F-A067-6A4F6F231184}.Release|Any CPU.Build.0 = Release|Any CPU
		{F0009A62-E68C-2096-3849-9E1BE7E9B6FD}.Debug|Any CPU.ActiveCfg = Debug|Any CPU
		{F0009A62-E68C-2096-3849-9E1BE7E9B6FD}.Debug|Any CPU.Build.0 = Debug|Any CPU
		{F0009A62-E68C-2096-3849-9E1BE7E9B6FD}.Release|Any CPU.ActiveCfg = Release|Any CPU
		{F0009A62-E68C-2096-3849-9E1BE7E9B6FD}.Release|Any CPU.Build.0 = Release|Any CPU
		{CDB7F517-3B1B-9AA8-8694-8B7DD27495D3}.Debug|Any CPU.ActiveCfg = Debug|Any CPU
		{CDB7F517-3B1B-9AA8-8694-8B7DD27495D3}.Debug|Any CPU.Build.0 = Debug|Any CPU
		{CDB7F517-3B1B-9AA8-8694-8B7DD27495D3}.Release|Any CPU.ActiveCfg = Release|Any CPU
		{CDB7F517-3B1B-9AA8-8694-8B7DD27495D3}.Release|Any CPU.Build.0 = Release|Any CPU
		{8807DBEF-B9F5-789A-C3B0-46DEECC11527}.Debug|Any CPU.ActiveCfg = Debug|Any CPU
		{8807DBEF-B9F5-789A-C3B0-46DEECC11527}.Debug|Any CPU.Build.0 = Debug|Any CPU
		{8807DBEF-B9F5-789A-C3B0-46DEECC11527}.Release|Any CPU.ActiveCfg = Release|Any CPU
		{8807DBEF-B9F5-789A-C3B0-46DEECC11527}.Release|Any CPU.Build.0 = Release|Any CPU
		{15D9A833-7AE5-116A-D730-11EF86829000}.Debug|Any CPU.ActiveCfg = Debug|Any CPU
		{15D9A833-7AE5-116A-D730-11EF86829000}.Debug|Any CPU.Build.0 = Debug|Any CPU
		{15D9A833-7AE5-116A-D730-11EF86829000}.Release|Any CPU.ActiveCfg = Release|Any CPU
		{15D9A833-7AE5-116A-D730-11EF86829000}.Release|Any CPU.Build.0 = Release|Any CPU
		{1D9A57D2-F0A3-E4A7-A84E-66A97FEE27D8}.Debug|Any CPU.ActiveCfg = Debug|Any CPU
		{1D9A57D2-F0A3-E4A7-A84E-66A97FEE27D8}.Debug|Any CPU.Build.0 = Debug|Any CPU
		{1D9A57D2-F0A3-E4A7-A84E-66A97FEE27D8}.Release|Any CPU.ActiveCfg = Release|Any CPU
		{1D9A57D2-F0A3-E4A7-A84E-66A97FEE27D8}.Release|Any CPU.Build.0 = Release|Any CPU
		{AC69F3DB-F5D5-3BC4-E8B3-8C6CA4F8B143}.Debug|Any CPU.ActiveCfg = Debug|Any CPU
		{AC69F3DB-F5D5-3BC4-E8B3-8C6CA4F8B143}.Debug|Any CPU.Build.0 = Debug|Any CPU
		{AC69F3DB-F5D5-3BC4-E8B3-8C6CA4F8B143}.Release|Any CPU.ActiveCfg = Release|Any CPU
		{AC69F3DB-F5D5-3BC4-E8B3-8C6CA4F8B143}.Release|Any CPU.Build.0 = Release|Any CPU
		{E1CDC6A7-AB51-E462-A10E-3481996750E2}.Debug|Any CPU.ActiveCfg = Debug|Any CPU
		{E1CDC6A7-AB51-E462-A10E-3481996750E2}.Debug|Any CPU.Build.0 = Debug|Any CPU
		{E1CDC6A7-AB51-E462-A10E-3481996750E2}.Release|Any CPU.ActiveCfg = Release|Any CPU
		{E1CDC6A7-AB51-E462-A10E-3481996750E2}.Release|Any CPU.Build.0 = Release|Any CPU
		{2A147FE4-B061-A017-1FB6-6E96FC30A7E4}.Debug|Any CPU.ActiveCfg = Debug|Any CPU
		{2A147FE4-B061-A017-1FB6-6E96FC30A7E4}.Debug|Any CPU.Build.0 = Debug|Any CPU
		{2A147FE4-B061-A017-1FB6-6E96FC30A7E4}.Release|Any CPU.ActiveCfg = Release|Any CPU
		{2A147FE4-B061-A017-1FB6-6E96FC30A7E4}.Release|Any CPU.Build.0 = Release|Any CPU
		{085E8B0C-39DD-7743-D439-8756799C3C1B}.Debug|Any CPU.ActiveCfg = Debug|Any CPU
		{085E8B0C-39DD-7743-D439-8756799C3C1B}.Debug|Any CPU.Build.0 = Debug|Any CPU
		{085E8B0C-39DD-7743-D439-8756799C3C1B}.Release|Any CPU.ActiveCfg = Release|Any CPU
		{085E8B0C-39DD-7743-D439-8756799C3C1B}.Release|Any CPU.Build.0 = Release|Any CPU
		{5368B9CE-C827-0A08-2404-06CD5586FA9C}.Debug|Any CPU.ActiveCfg = Debug|Any CPU
		{5368B9CE-C827-0A08-2404-06CD5586FA9C}.Debug|Any CPU.Build.0 = Debug|Any CPU
		{5368B9CE-C827-0A08-2404-06CD5586FA9C}.Release|Any CPU.ActiveCfg = Release|Any CPU
		{5368B9CE-C827-0A08-2404-06CD5586FA9C}.Release|Any CPU.Build.0 = Release|Any CPU
		{4DF7BCC0-7A88-D877-A107-7198F6F78D3B}.Debug|Any CPU.ActiveCfg = Debug|Any CPU
		{4DF7BCC0-7A88-D877-A107-7198F6F78D3B}.Debug|Any CPU.Build.0 = Debug|Any CPU
		{4DF7BCC0-7A88-D877-A107-7198F6F78D3B}.Release|Any CPU.ActiveCfg = Release|Any CPU
		{4DF7BCC0-7A88-D877-A107-7198F6F78D3B}.Release|Any CPU.Build.0 = Release|Any CPU
		{1B73A027-A0CB-DE41-2630-1D0553E98996}.Debug|Any CPU.ActiveCfg = Debug|Any CPU
		{1B73A027-A0CB-DE41-2630-1D0553E98996}.Debug|Any CPU.Build.0 = Debug|Any CPU
		{1B73A027-A0CB-DE41-2630-1D0553E98996}.Release|Any CPU.ActiveCfg = Release|Any CPU
		{1B73A027-A0CB-DE41-2630-1D0553E98996}.Release|Any CPU.Build.0 = Release|Any CPU
		{064CDCA7-CFB9-38CC-BC00-74E3C9D42D7D}.Debug|Any CPU.ActiveCfg = Debug|Any CPU
		{064CDCA7-CFB9-38CC-BC00-74E3C9D42D7D}.Debug|Any CPU.Build.0 = Debug|Any CPU
		{064CDCA7-CFB9-38CC-BC00-74E3C9D42D7D}.Release|Any CPU.ActiveCfg = Release|Any CPU
		{064CDCA7-CFB9-38CC-BC00-74E3C9D42D7D}.Release|Any CPU.Build.0 = Release|Any CPU
		{AA2557FF-0CB6-09BE-40A0-8148B32E1A1C}.Debug|Any CPU.ActiveCfg = Debug|Any CPU
		{AA2557FF-0CB6-09BE-40A0-8148B32E1A1C}.Debug|Any CPU.Build.0 = Debug|Any CPU
		{AA2557FF-0CB6-09BE-40A0-8148B32E1A1C}.Release|Any CPU.ActiveCfg = Release|Any CPU
		{AA2557FF-0CB6-09BE-40A0-8148B32E1A1C}.Release|Any CPU.Build.0 = Release|Any CPU
		{C2448B65-0543-B557-14FF-28679045A828}.Debug|Any CPU.ActiveCfg = Debug|Any CPU
		{C2448B65-0543-B557-14FF-28679045A828}.Debug|Any CPU.Build.0 = Debug|Any CPU
		{C2448B65-0543-B557-14FF-28679045A828}.Release|Any CPU.ActiveCfg = Release|Any CPU
		{C2448B65-0543-B557-14FF-28679045A828}.Release|Any CPU.Build.0 = Release|Any CPU
		{DE982197-6996-02D6-66EB-32D5EAB9B352}.Debug|Any CPU.ActiveCfg = Debug|Any CPU
		{DE982197-6996-02D6-66EB-32D5EAB9B352}.Debug|Any CPU.Build.0 = Debug|Any CPU
		{DE982197-6996-02D6-66EB-32D5EAB9B352}.Release|Any CPU.ActiveCfg = Release|Any CPU
		{DE982197-6996-02D6-66EB-32D5EAB9B352}.Release|Any CPU.Build.0 = Release|Any CPU
		{AF4AC7CD-EEC5-4DBC-12F3-9A8D44034F5F}.Debug|Any CPU.ActiveCfg = Debug|Any CPU
		{AF4AC7CD-EEC5-4DBC-12F3-9A8D44034F5F}.Debug|Any CPU.Build.0 = Debug|Any CPU
		{AF4AC7CD-EEC5-4DBC-12F3-9A8D44034F5F}.Release|Any CPU.ActiveCfg = Release|Any CPU
		{AF4AC7CD-EEC5-4DBC-12F3-9A8D44034F5F}.Release|Any CPU.Build.0 = Release|Any CPU
		{6ABF610D-933D-B7DC-E135-D23F365AEDA6}.Debug|Any CPU.ActiveCfg = Debug|Any CPU
		{6ABF610D-933D-B7DC-E135-D23F365AEDA6}.Debug|Any CPU.Build.0 = Debug|Any CPU
		{6ABF610D-933D-B7DC-E135-D23F365AEDA6}.Release|Any CPU.ActiveCfg = Release|Any CPU
		{6ABF610D-933D-B7DC-E135-D23F365AEDA6}.Release|Any CPU.Build.0 = Release|Any CPU
		{E3F4208A-4AC1-14FE-DE52-06A0C31ECE2F}.Debug|Any CPU.ActiveCfg = Debug|Any CPU
		{E3F4208A-4AC1-14FE-DE52-06A0C31ECE2F}.Debug|Any CPU.Build.0 = Debug|Any CPU
		{E3F4208A-4AC1-14FE-DE52-06A0C31ECE2F}.Release|Any CPU.ActiveCfg = Release|Any CPU
		{E3F4208A-4AC1-14FE-DE52-06A0C31ECE2F}.Release|Any CPU.Build.0 = Release|Any CPU
		{D46BECD8-8970-B343-98BD-C7B335B30C8C}.Debug|Any CPU.ActiveCfg = Debug|Any CPU
		{D46BECD8-8970-B343-98BD-C7B335B30C8C}.Debug|Any CPU.Build.0 = Debug|Any CPU
		{D46BECD8-8970-B343-98BD-C7B335B30C8C}.Release|Any CPU.ActiveCfg = Release|Any CPU
		{D46BECD8-8970-B343-98BD-C7B335B30C8C}.Release|Any CPU.Build.0 = Release|Any CPU
		{75488ABC-D4DD-F153-75C8-245FC2F64282}.Debug|Any CPU.ActiveCfg = Debug|Any CPU
		{75488ABC-D4DD-F153-75C8-245FC2F64282}.Debug|Any CPU.Build.0 = Debug|Any CPU
		{75488ABC-D4DD-F153-75C8-245FC2F64282}.Release|Any CPU.ActiveCfg = Release|Any CPU
		{75488ABC-D4DD-F153-75C8-245FC2F64282}.Release|Any CPU.Build.0 = Release|Any CPU
		{460BDF3E-6FAD-FE3D-1F55-42CA0557AEAD}.Debug|Any CPU.ActiveCfg = Debug|Any CPU
		{460BDF3E-6FAD-FE3D-1F55-42CA0557AEAD}.Debug|Any CPU.Build.0 = Debug|Any CPU
		{460BDF3E-6FAD-FE3D-1F55-42CA0557AEAD}.Release|Any CPU.ActiveCfg = Release|Any CPU
		{460BDF3E-6FAD-FE3D-1F55-42CA0557AEAD}.Release|Any CPU.Build.0 = Release|Any CPU
		{51EF850F-9A86-DA97-2F67-308CBB37A162}.Debug|Any CPU.ActiveCfg = Debug|Any CPU
		{51EF850F-9A86-DA97-2F67-308CBB37A162}.Debug|Any CPU.Build.0 = Debug|Any CPU
		{51EF850F-9A86-DA97-2F67-308CBB37A162}.Release|Any CPU.ActiveCfg = Release|Any CPU
		{51EF850F-9A86-DA97-2F67-308CBB37A162}.Release|Any CPU.Build.0 = Release|Any CPU
		{A8EDECB9-0914-3285-AACF-2A52652E422D}.Debug|Any CPU.ActiveCfg = Debug|Any CPU
		{A8EDECB9-0914-3285-AACF-2A52652E422D}.Debug|Any CPU.Build.0 = Debug|Any CPU
		{A8EDECB9-0914-3285-AACF-2A52652E422D}.Release|Any CPU.ActiveCfg = Release|Any CPU
		{A8EDECB9-0914-3285-AACF-2A52652E422D}.Release|Any CPU.Build.0 = Release|Any CPU
		{638E4FA3-FF85-03B9-BCA1-3D7FEDF40B8F}.Debug|Any CPU.ActiveCfg = Debug|Any CPU
		{638E4FA3-FF85-03B9-BCA1-3D7FEDF40B8F}.Debug|Any CPU.Build.0 = Debug|Any CPU
		{638E4FA3-FF85-03B9-BCA1-3D7FEDF40B8F}.Release|Any CPU.ActiveCfg = Release|Any CPU
		{638E4FA3-FF85-03B9-BCA1-3D7FEDF40B8F}.Release|Any CPU.Build.0 = Release|Any CPU
		{1CB54680-AA04-41D8-93BA-A87A508E8A78}.Debug|Any CPU.ActiveCfg = Debug|Any CPU
		{1CB54680-AA04-41D8-93BA-A87A508E8A78}.Debug|Any CPU.Build.0 = Debug|Any CPU
		{1CB54680-AA04-41D8-93BA-A87A508E8A78}.Release|Any CPU.ActiveCfg = Release|Any CPU
		{1CB54680-AA04-41D8-93BA-A87A508E8A78}.Release|Any CPU.Build.0 = Release|Any CPU
		{BAB7655A-A12A-4E98-D129-8E2DD0F5DBD6}.Debug|Any CPU.ActiveCfg = Debug|Any CPU
		{BAB7655A-A12A-4E98-D129-8E2DD0F5DBD6}.Debug|Any CPU.Build.0 = Debug|Any CPU
		{BAB7655A-A12A-4E98-D129-8E2DD0F5DBD6}.Release|Any CPU.ActiveCfg = Release|Any CPU
		{BAB7655A-A12A-4E98-D129-8E2DD0F5DBD6}.Release|Any CPU.Build.0 = Release|Any CPU
		{84FE8669-1414-3AFA-7B66-8B924074FDC1}.Debug|Any CPU.ActiveCfg = Debug|Any CPU
		{84FE8669-1414-3AFA-7B66-8B924074FDC1}.Debug|Any CPU.Build.0 = Debug|Any CPU
		{84FE8669-1414-3AFA-7B66-8B924074FDC1}.Release|Any CPU.ActiveCfg = Release|Any CPU
		{84FE8669-1414-3AFA-7B66-8B924074FDC1}.Release|Any CPU.Build.0 = Release|Any CPU
		{610257B9-4D04-45FF-964D-8035763AD642}.Debug|Any CPU.ActiveCfg = Debug|Any CPU
		{610257B9-4D04-45FF-964D-8035763AD642}.Debug|Any CPU.Build.0 = Debug|Any CPU
		{610257B9-4D04-45FF-964D-8035763AD642}.Release|Any CPU.ActiveCfg = Release|Any CPU
		{610257B9-4D04-45FF-964D-8035763AD642}.Release|Any CPU.Build.0 = Release|Any CPU
		{8674BB0D-464A-4BD8-89D2-A322A5DCFD57}.Debug|Any CPU.ActiveCfg = Debug|Any CPU
		{8674BB0D-464A-4BD8-89D2-A322A5DCFD57}.Debug|Any CPU.Build.0 = Debug|Any CPU
		{8674BB0D-464A-4BD8-89D2-A322A5DCFD57}.Release|Any CPU.ActiveCfg = Release|Any CPU
		{8674BB0D-464A-4BD8-89D2-A322A5DCFD57}.Release|Any CPU.Build.0 = Release|Any CPU
		{C1717C34-BFD2-AEA9-03DA-705753440E9E}.Debug|Any CPU.ActiveCfg = Debug|Any CPU
		{C1717C34-BFD2-AEA9-03DA-705753440E9E}.Debug|Any CPU.Build.0 = Debug|Any CPU
		{C1717C34-BFD2-AEA9-03DA-705753440E9E}.Release|Any CPU.ActiveCfg = Release|Any CPU
		{C1717C34-BFD2-AEA9-03DA-705753440E9E}.Release|Any CPU.Build.0 = Release|Any CPU
		{72CF00CA-0679-E508-8260-D67100D07274}.Debug|Any CPU.ActiveCfg = Debug|Any CPU
		{72CF00CA-0679-E508-8260-D67100D07274}.Debug|Any CPU.Build.0 = Debug|Any CPU
		{72CF00CA-0679-E508-8260-D67100D07274}.Release|Any CPU.ActiveCfg = Release|Any CPU
		{72CF00CA-0679-E508-8260-D67100D07274}.Release|Any CPU.Build.0 = Release|Any CPU
		{4E4F4783-0828-4370-CC5C-7753A39D5DFA}.Debug|Any CPU.ActiveCfg = Debug|Any CPU
		{4E4F4783-0828-4370-CC5C-7753A39D5DFA}.Debug|Any CPU.Build.0 = Debug|Any CPU
		{4E4F4783-0828-4370-CC5C-7753A39D5DFA}.Release|Any CPU.ActiveCfg = Release|Any CPU
		{4E4F4783-0828-4370-CC5C-7753A39D5DFA}.Release|Any CPU.Build.0 = Release|Any CPU
		{C1671204-E1A4-70D1-F216-4A8063C53E1E}.Debug|Any CPU.ActiveCfg = Debug|Any CPU
		{C1671204-E1A4-70D1-F216-4A8063C53E1E}.Debug|Any CPU.Build.0 = Debug|Any CPU
		{C1671204-E1A4-70D1-F216-4A8063C53E1E}.Release|Any CPU.ActiveCfg = Release|Any CPU
		{C1671204-E1A4-70D1-F216-4A8063C53E1E}.Release|Any CPU.Build.0 = Release|Any CPU
		{E8990E73-8157-4943-5976-6A807754EF07}.Debug|Any CPU.ActiveCfg = Debug|Any CPU
		{E8990E73-8157-4943-5976-6A807754EF07}.Debug|Any CPU.Build.0 = Debug|Any CPU
		{E8990E73-8157-4943-5976-6A807754EF07}.Release|Any CPU.ActiveCfg = Release|Any CPU
		{E8990E73-8157-4943-5976-6A807754EF07}.Release|Any CPU.Build.0 = Release|Any CPU
		{84247F27-C8A8-E6EB-9FED-3BDD6BA232C4}.Debug|Any CPU.ActiveCfg = Debug|Any CPU
		{84247F27-C8A8-E6EB-9FED-3BDD6BA232C4}.Debug|Any CPU.Build.0 = Debug|Any CPU
		{84247F27-C8A8-E6EB-9FED-3BDD6BA232C4}.Release|Any CPU.ActiveCfg = Release|Any CPU
		{84247F27-C8A8-E6EB-9FED-3BDD6BA232C4}.Release|Any CPU.Build.0 = Release|Any CPU
		{EBC56376-75CC-7752-5847-D07DD36E5947}.Debug|Any CPU.ActiveCfg = Debug|Any CPU
		{EBC56376-75CC-7752-5847-D07DD36E5947}.Debug|Any CPU.Build.0 = Debug|Any CPU
		{EBC56376-75CC-7752-5847-D07DD36E5947}.Release|Any CPU.ActiveCfg = Release|Any CPU
		{EBC56376-75CC-7752-5847-D07DD36E5947}.Release|Any CPU.Build.0 = Release|Any CPU
		{82DFCBCA-7D60-5182-AAFC-15619ED66C17}.Debug|Any CPU.ActiveCfg = Debug|Any CPU
		{82DFCBCA-7D60-5182-AAFC-15619ED66C17}.Debug|Any CPU.Build.0 = Debug|Any CPU
		{82DFCBCA-7D60-5182-AAFC-15619ED66C17}.Release|Any CPU.ActiveCfg = Release|Any CPU
		{82DFCBCA-7D60-5182-AAFC-15619ED66C17}.Release|Any CPU.Build.0 = Release|Any CPU
		{EE5086CD-4F33-2350-59C6-61366523F6DC}.Debug|Any CPU.ActiveCfg = Debug|Any CPU
		{EE5086CD-4F33-2350-59C6-61366523F6DC}.Debug|Any CPU.Build.0 = Debug|Any CPU
		{EE5086CD-4F33-2350-59C6-61366523F6DC}.Release|Any CPU.ActiveCfg = Release|Any CPU
		{EE5086CD-4F33-2350-59C6-61366523F6DC}.Release|Any CPU.Build.0 = Release|Any CPU
		{0725D762-E456-4763-EF4D-8E425A168FA5}.Debug|Any CPU.ActiveCfg = Debug|Any CPU
		{0725D762-E456-4763-EF4D-8E425A168FA5}.Debug|Any CPU.Build.0 = Debug|Any CPU
		{0725D762-E456-4763-EF4D-8E425A168FA5}.Release|Any CPU.ActiveCfg = Release|Any CPU
		{0725D762-E456-4763-EF4D-8E425A168FA5}.Release|Any CPU.Build.0 = Release|Any CPU
		{B40F07AA-56FB-A7D7-BB47-657B74F8573F}.Debug|Any CPU.ActiveCfg = Debug|Any CPU
		{B40F07AA-56FB-A7D7-BB47-657B74F8573F}.Debug|Any CPU.Build.0 = Debug|Any CPU
		{B40F07AA-56FB-A7D7-BB47-657B74F8573F}.Release|Any CPU.ActiveCfg = Release|Any CPU
		{B40F07AA-56FB-A7D7-BB47-657B74F8573F}.Release|Any CPU.Build.0 = Release|Any CPU
		{6A430732-B9E1-9916-4977-B5DBAF5C82FB}.Debug|Any CPU.ActiveCfg = Debug|Any CPU
		{6A430732-B9E1-9916-4977-B5DBAF5C82FB}.Debug|Any CPU.Build.0 = Debug|Any CPU
		{6A430732-B9E1-9916-4977-B5DBAF5C82FB}.Release|Any CPU.ActiveCfg = Release|Any CPU
		{6A430732-B9E1-9916-4977-B5DBAF5C82FB}.Release|Any CPU.Build.0 = Release|Any CPU
		{F0EF2B47-55F0-BDAA-F048-2A062E3E74B0}.Debug|Any CPU.ActiveCfg = Debug|Any CPU
		{F0EF2B47-55F0-BDAA-F048-2A062E3E74B0}.Debug|Any CPU.Build.0 = Debug|Any CPU
		{F0EF2B47-55F0-BDAA-F048-2A062E3E74B0}.Release|Any CPU.ActiveCfg = Release|Any CPU
		{F0EF2B47-55F0-BDAA-F048-2A062E3E74B0}.Release|Any CPU.Build.0 = Release|Any CPU
		{BBE600AC-1D6A-07C8-4F50-B4E4D6D1EFE2}.Debug|Any CPU.ActiveCfg = Debug|Any CPU
		{BBE600AC-1D6A-07C8-4F50-B4E4D6D1EFE2}.Debug|Any CPU.Build.0 = Debug|Any CPU
		{BBE600AC-1D6A-07C8-4F50-B4E4D6D1EFE2}.Release|Any CPU.ActiveCfg = Release|Any CPU
		{BBE600AC-1D6A-07C8-4F50-B4E4D6D1EFE2}.Release|Any CPU.Build.0 = Release|Any CPU
		{4A08CE8B-CE3A-0DB2-5587-1EC94AEE814B}.Debug|Any CPU.ActiveCfg = Debug|Any CPU
		{4A08CE8B-CE3A-0DB2-5587-1EC94AEE814B}.Debug|Any CPU.Build.0 = Debug|Any CPU
		{4A08CE8B-CE3A-0DB2-5587-1EC94AEE814B}.Release|Any CPU.ActiveCfg = Release|Any CPU
		{4A08CE8B-CE3A-0DB2-5587-1EC94AEE814B}.Release|Any CPU.Build.0 = Release|Any CPU
		{A9E1CD68-1AF6-6245-9A03-35B7886D6B4D}.Debug|Any CPU.ActiveCfg = Debug|Any CPU
		{A9E1CD68-1AF6-6245-9A03-35B7886D6B4D}.Debug|Any CPU.Build.0 = Debug|Any CPU
		{A9E1CD68-1AF6-6245-9A03-35B7886D6B4D}.Release|Any CPU.ActiveCfg = Release|Any CPU
		{A9E1CD68-1AF6-6245-9A03-35B7886D6B4D}.Release|Any CPU.Build.0 = Release|Any CPU
		{1BFE88C3-D19D-0C80-9BC9-D006172632DA}.Debug|Any CPU.ActiveCfg = Debug|Any CPU
		{1BFE88C3-D19D-0C80-9BC9-D006172632DA}.Debug|Any CPU.Build.0 = Debug|Any CPU
		{1BFE88C3-D19D-0C80-9BC9-D006172632DA}.Release|Any CPU.ActiveCfg = Release|Any CPU
		{1BFE88C3-D19D-0C80-9BC9-D006172632DA}.Release|Any CPU.Build.0 = Release|Any CPU
		{AE4B3A80-0B71-F290-8FE3-30E35154EB51}.Debug|Any CPU.ActiveCfg = Debug|Any CPU
		{AE4B3A80-0B71-F290-8FE3-30E35154EB51}.Debug|Any CPU.Build.0 = Debug|Any CPU
		{AE4B3A80-0B71-F290-8FE3-30E35154EB51}.Release|Any CPU.ActiveCfg = Release|Any CPU
		{AE4B3A80-0B71-F290-8FE3-30E35154EB51}.Release|Any CPU.Build.0 = Release|Any CPU
		{6F4EAC22-7A06-B1E7-F8A8-C1444C19115D}.Debug|Any CPU.ActiveCfg = Debug|Any CPU
		{6F4EAC22-7A06-B1E7-F8A8-C1444C19115D}.Debug|Any CPU.Build.0 = Debug|Any CPU
		{6F4EAC22-7A06-B1E7-F8A8-C1444C19115D}.Release|Any CPU.ActiveCfg = Release|Any CPU
		{6F4EAC22-7A06-B1E7-F8A8-C1444C19115D}.Release|Any CPU.Build.0 = Release|Any CPU
		{133E5764-C064-6685-70C3-19DF8D8584C4}.Debug|Any CPU.ActiveCfg = Debug|Any CPU
		{133E5764-C064-6685-70C3-19DF8D8584C4}.Debug|Any CPU.Build.0 = Debug|Any CPU
		{133E5764-C064-6685-70C3-19DF8D8584C4}.Release|Any CPU.ActiveCfg = Release|Any CPU
		{133E5764-C064-6685-70C3-19DF8D8584C4}.Release|Any CPU.Build.0 = Release|Any CPU
		{EB4139EA-1474-177B-AD19-09ECCC4A191A}.Debug|Any CPU.ActiveCfg = Debug|Any CPU
		{EB4139EA-1474-177B-AD19-09ECCC4A191A}.Debug|Any CPU.Build.0 = Debug|Any CPU
		{EB4139EA-1474-177B-AD19-09ECCC4A191A}.Release|Any CPU.ActiveCfg = Release|Any CPU
		{EB4139EA-1474-177B-AD19-09ECCC4A191A}.Release|Any CPU.Build.0 = Release|Any CPU
		{13F11EE6-8455-6DE1-FB88-57D23575A898}.Debug|Any CPU.ActiveCfg = Debug|Any CPU
		{13F11EE6-8455-6DE1-FB88-57D23575A898}.Debug|Any CPU.Build.0 = Debug|Any CPU
		{13F11EE6-8455-6DE1-FB88-57D23575A898}.Release|Any CPU.ActiveCfg = Release|Any CPU
		{13F11EE6-8455-6DE1-FB88-57D23575A898}.Release|Any CPU.Build.0 = Release|Any CPU
		{F42B5AF5-8D1F-742B-5F05-8AFEDC021057}.Debug|Any CPU.ActiveCfg = Debug|Any CPU
		{F42B5AF5-8D1F-742B-5F05-8AFEDC021057}.Debug|Any CPU.Build.0 = Debug|Any CPU
		{F42B5AF5-8D1F-742B-5F05-8AFEDC021057}.Release|Any CPU.ActiveCfg = Release|Any CPU
		{F42B5AF5-8D1F-742B-5F05-8AFEDC021057}.Release|Any CPU.Build.0 = Release|Any CPU
		{ADE20961-B7D6-6923-67F5-2B084020AD5C}.Debug|Any CPU.ActiveCfg = Debug|Any CPU
		{ADE20961-B7D6-6923-67F5-2B084020AD5C}.Debug|Any CPU.Build.0 = Debug|Any CPU
		{ADE20961-B7D6-6923-67F5-2B084020AD5C}.Release|Any CPU.ActiveCfg = Release|Any CPU
		{ADE20961-B7D6-6923-67F5-2B084020AD5C}.Release|Any CPU.Build.0 = Release|Any CPU
		{27A5D9A5-1A31-B1AB-04D7-3D37C76F4249}.Debug|Any CPU.ActiveCfg = Debug|Any CPU
		{27A5D9A5-1A31-B1AB-04D7-3D37C76F4249}.Debug|Any CPU.Build.0 = Debug|Any CPU
		{27A5D9A5-1A31-B1AB-04D7-3D37C76F4249}.Release|Any CPU.ActiveCfg = Release|Any CPU
		{27A5D9A5-1A31-B1AB-04D7-3D37C76F4249}.Release|Any CPU.Build.0 = Release|Any CPU
		{62BAC9F5-1670-8A43-8210-57DACD3D611F}.Debug|Any CPU.ActiveCfg = Debug|Any CPU
		{62BAC9F5-1670-8A43-8210-57DACD3D611F}.Debug|Any CPU.Build.0 = Debug|Any CPU
		{62BAC9F5-1670-8A43-8210-57DACD3D611F}.Release|Any CPU.ActiveCfg = Release|Any CPU
		{62BAC9F5-1670-8A43-8210-57DACD3D611F}.Release|Any CPU.Build.0 = Release|Any CPU
		{9A2E6BB3-8517-FC57-FFAC-E436B6B7FBD3}.Debug|Any CPU.ActiveCfg = Debug|Any CPU
		{9A2E6BB3-8517-FC57-FFAC-E436B6B7FBD3}.Debug|Any CPU.Build.0 = Debug|Any CPU
		{9A2E6BB3-8517-FC57-FFAC-E436B6B7FBD3}.Release|Any CPU.ActiveCfg = Release|Any CPU
		{9A2E6BB3-8517-FC57-FFAC-E436B6B7FBD3}.Release|Any CPU.Build.0 = Release|Any CPU
		{571EDB24-E8CF-2BC2-EE53-3DB4F8E46D7A}.Debug|Any CPU.ActiveCfg = Debug|Any CPU
		{571EDB24-E8CF-2BC2-EE53-3DB4F8E46D7A}.Debug|Any CPU.Build.0 = Debug|Any CPU
		{571EDB24-E8CF-2BC2-EE53-3DB4F8E46D7A}.Release|Any CPU.ActiveCfg = Release|Any CPU
		{571EDB24-E8CF-2BC2-EE53-3DB4F8E46D7A}.Release|Any CPU.Build.0 = Release|Any CPU
		{7F72D9FA-63F8-7E81-ABDD-65E24607D364}.Debug|Any CPU.ActiveCfg = Debug|Any CPU
		{7F72D9FA-63F8-7E81-ABDD-65E24607D364}.Debug|Any CPU.Build.0 = Debug|Any CPU
		{7F72D9FA-63F8-7E81-ABDD-65E24607D364}.Release|Any CPU.ActiveCfg = Release|Any CPU
		{7F72D9FA-63F8-7E81-ABDD-65E24607D364}.Release|Any CPU.Build.0 = Release|Any CPU
		{A6C7E8FC-BDC0-6947-E5F4-889E3D0D2BBC}.Debug|Any CPU.ActiveCfg = Debug|Any CPU
		{A6C7E8FC-BDC0-6947-E5F4-889E3D0D2BBC}.Debug|Any CPU.Build.0 = Debug|Any CPU
		{A6C7E8FC-BDC0-6947-E5F4-889E3D0D2BBC}.Release|Any CPU.ActiveCfg = Release|Any CPU
		{A6C7E8FC-BDC0-6947-E5F4-889E3D0D2BBC}.Release|Any CPU.Build.0 = Release|Any CPU
		{2569D48E-999F-AAF7-BBE4-937FFFA7BC57}.Debug|Any CPU.ActiveCfg = Debug|Any CPU
		{2569D48E-999F-AAF7-BBE4-937FFFA7BC57}.Debug|Any CPU.Build.0 = Debug|Any CPU
		{2569D48E-999F-AAF7-BBE4-937FFFA7BC57}.Release|Any CPU.ActiveCfg = Release|Any CPU
		{2569D48E-999F-AAF7-BBE4-937FFFA7BC57}.Release|Any CPU.Build.0 = Release|Any CPU
		{1BEDC971-5FFB-4B25-FA60-55038688B80C}.Debug|Any CPU.ActiveCfg = Debug|Any CPU
		{1BEDC971-5FFB-4B25-FA60-55038688B80C}.Debug|Any CPU.Build.0 = Debug|Any CPU
		{1BEDC971-5FFB-4B25-FA60-55038688B80C}.Release|Any CPU.ActiveCfg = Release|Any CPU
		{1BEDC971-5FFB-4B25-FA60-55038688B80C}.Release|Any CPU.Build.0 = Release|Any CPU
		{1B838CFE-9786-585A-C47D-6AECAF534396}.Debug|Any CPU.ActiveCfg = Debug|Any CPU
		{1B838CFE-9786-585A-C47D-6AECAF534396}.Debug|Any CPU.Build.0 = Debug|Any CPU
		{1B838CFE-9786-585A-C47D-6AECAF534396}.Release|Any CPU.ActiveCfg = Release|Any CPU
		{1B838CFE-9786-585A-C47D-6AECAF534396}.Release|Any CPU.Build.0 = Release|Any CPU
		{CF70F344-BC6F-13E5-93BB-D74960FAC961}.Debug|Any CPU.ActiveCfg = Debug|Any CPU
		{CF70F344-BC6F-13E5-93BB-D74960FAC961}.Debug|Any CPU.Build.0 = Debug|Any CPU
		{CF70F344-BC6F-13E5-93BB-D74960FAC961}.Release|Any CPU.ActiveCfg = Release|Any CPU
		{CF70F344-BC6F-13E5-93BB-D74960FAC961}.Release|Any CPU.Build.0 = Release|Any CPU
		{88C4455E-B81C-5274-B424-3EA92053BEF0}.Debug|Any CPU.ActiveCfg = Debug|Any CPU
		{88C4455E-B81C-5274-B424-3EA92053BEF0}.Debug|Any CPU.Build.0 = Debug|Any CPU
		{88C4455E-B81C-5274-B424-3EA92053BEF0}.Release|Any CPU.ActiveCfg = Release|Any CPU
		{88C4455E-B81C-5274-B424-3EA92053BEF0}.Release|Any CPU.Build.0 = Release|Any CPU
		{FF75F010-8D7F-A571-7BD0-256BED4B3C46}.Debug|Any CPU.ActiveCfg = Debug|Any CPU
		{FF75F010-8D7F-A571-7BD0-256BED4B3C46}.Debug|Any CPU.Build.0 = Debug|Any CPU
		{FF75F010-8D7F-A571-7BD0-256BED4B3C46}.Release|Any CPU.ActiveCfg = Release|Any CPU
		{FF75F010-8D7F-A571-7BD0-256BED4B3C46}.Release|Any CPU.Build.0 = Release|Any CPU
		{BFAE78DB-217F-9422-3680-2FE48B1C396A}.Debug|Any CPU.ActiveCfg = Debug|Any CPU
		{BFAE78DB-217F-9422-3680-2FE48B1C396A}.Debug|Any CPU.Build.0 = Debug|Any CPU
		{BFAE78DB-217F-9422-3680-2FE48B1C396A}.Release|Any CPU.ActiveCfg = Release|Any CPU
		{BFAE78DB-217F-9422-3680-2FE48B1C396A}.Release|Any CPU.Build.0 = Release|Any CPU
		{548D5EEE-1052-7E77-2CC2-2250BDC9F023}.Debug|Any CPU.ActiveCfg = Debug|Any CPU
		{548D5EEE-1052-7E77-2CC2-2250BDC9F023}.Debug|Any CPU.Build.0 = Debug|Any CPU
		{548D5EEE-1052-7E77-2CC2-2250BDC9F023}.Release|Any CPU.ActiveCfg = Release|Any CPU
		{548D5EEE-1052-7E77-2CC2-2250BDC9F023}.Release|Any CPU.Build.0 = Release|Any CPU
		{376F7913-BD19-745D-C715-726DF107FE14}.Debug|Any CPU.ActiveCfg = Debug|Any CPU
		{376F7913-BD19-745D-C715-726DF107FE14}.Debug|Any CPU.Build.0 = Debug|Any CPU
		{376F7913-BD19-745D-C715-726DF107FE14}.Release|Any CPU.ActiveCfg = Release|Any CPU
		{376F7913-BD19-745D-C715-726DF107FE14}.Release|Any CPU.Build.0 = Release|Any CPU
		{F4B2266D-4EA0-8B9C-2446-A192A8DC8EDB}.Debug|Any CPU.ActiveCfg = Debug|Any CPU
		{F4B2266D-4EA0-8B9C-2446-A192A8DC8EDB}.Debug|Any CPU.Build.0 = Debug|Any CPU
		{F4B2266D-4EA0-8B9C-2446-A192A8DC8EDB}.Release|Any CPU.ActiveCfg = Release|Any CPU
		{F4B2266D-4EA0-8B9C-2446-A192A8DC8EDB}.Release|Any CPU.Build.0 = Release|Any CPU
		{97FCE72C-5EF0-A538-EAD8-BC4CA009D061}.Debug|Any CPU.ActiveCfg = Debug|Any CPU
		{97FCE72C-5EF0-A538-EAD8-BC4CA009D061}.Debug|Any CPU.Build.0 = Debug|Any CPU
		{97FCE72C-5EF0-A538-EAD8-BC4CA009D061}.Release|Any CPU.ActiveCfg = Release|Any CPU
		{97FCE72C-5EF0-A538-EAD8-BC4CA009D061}.Release|Any CPU.Build.0 = Release|Any CPU
	EndGlobalSection
	GlobalSection(SolutionProperties) = preSolution
		HideSolutionNode = FALSE
	EndGlobalSection
	GlobalSection(NestedProjects) = preSolution
		{4C9F54DE-3482-F77D-346B-23DE66E3304B} = {0AB3BF05-4346-4AA6-1389-037BE0695223}
		{7DCC2776-4353-15BF-13E7-A93451A82664} = {03331064-91C1-2C4F-3787-81C07FA1940F}
		{3840DD05-703A-4D5E-C75B-B10FD1BD7A72} = {7DCC2776-4353-15BF-13E7-A93451A82664}
		{3B7C44A0-62B8-A22C-5CC0-171DF21D145B} = {3840DD05-703A-4D5E-C75B-B10FD1BD7A72}
		{BD22F3F8-7BD6-5C9D-1E9F-084A51EDFC2F} = {3B7C44A0-62B8-A22C-5CC0-171DF21D145B}
		{9B77A58F-6A45-745A-4C77-B5483D91A818} = {3B7C44A0-62B8-A22C-5CC0-171DF21D145B}
		{411EC214-845A-BB37-DFC0-B05FE58B2834} = {3B7C44A0-62B8-A22C-5CC0-171DF21D145B}
		{9821DB96-0385-C5DB-E497-A4FA005564DC} = {3B7C44A0-62B8-A22C-5CC0-171DF21D145B}
		{0552205A-A462-A7C6-4ED9-D9D07CF69503} = {3B7C44A0-62B8-A22C-5CC0-171DF21D145B}
		{F86343B6-414D-307D-9C51-E1E830C0657C} = {3B7C44A0-62B8-A22C-5CC0-171DF21D145B}
		{2520D1A3-2671-62DA-A340-98F75C5FA5A8} = {3B7C44A0-62B8-A22C-5CC0-171DF21D145B}
		{18F02C74-7C38-462B-FEAD-61F967B2C3BE} = {3B7C44A0-62B8-A22C-5CC0-171DF21D145B}
		{5E1183D5-492B-5EF2-7C55-013A3B4DCC28} = {3B7C44A0-62B8-A22C-5CC0-171DF21D145B}
		{8DE911F3-A7C3-B7F9-F0F4-7F763D068817} = {3B7C44A0-62B8-A22C-5CC0-171DF21D145B}
		{BAE62F31-3E9D-91CD-EE82-1612E60FF90B} = {3B7C44A0-62B8-A22C-5CC0-171DF21D145B}
		{A1937C35-CBDF-B435-1B8B-FEC2F6CB0687} = {3840DD05-703A-4D5E-C75B-B10FD1BD7A72}
		{D6236EFF-3021-07AE-9CB5-9B294202EE48} = {A1937C35-CBDF-B435-1B8B-FEC2F6CB0687}
		{52FD0C47-B83C-78FD-2C0D-A3B407FE6B2B} = {A1937C35-CBDF-B435-1B8B-FEC2F6CB0687}
		{451AC4B9-E5E8-DC01-FD37-00F00326E1BA} = {A1937C35-CBDF-B435-1B8B-FEC2F6CB0687}
		{C6319F9F-6F80-25A0-57B6-E06656C02163} = {A1937C35-CBDF-B435-1B8B-FEC2F6CB0687}
		{1CB37DE5-5CD4-7C77-8309-75E0154E35BA} = {A1937C35-CBDF-B435-1B8B-FEC2F6CB0687}
		{6894BFB9-A8F8-C62A-CB8B-9E634C50F8D9} = {A1937C35-CBDF-B435-1B8B-FEC2F6CB0687}
		{9E8C2345-D131-15CD-5B19-586A320F080C} = {A1937C35-CBDF-B435-1B8B-FEC2F6CB0687}
		{8D03FCFA-8F30-FD04-D283-1B53580B5EAE} = {A1937C35-CBDF-B435-1B8B-FEC2F6CB0687}
		{2BB08457-53B7-B630-9DC3-8713EC054B95} = {A1937C35-CBDF-B435-1B8B-FEC2F6CB0687}
		{8B0E956A-3FCD-1D4F-0946-2746A7E58ACE} = {A1937C35-CBDF-B435-1B8B-FEC2F6CB0687}
		{5A3A3C5B-CDDF-E128-8408-1D10C46891E0} = {A1937C35-CBDF-B435-1B8B-FEC2F6CB0687}
		{A7312DB3-0BE2-FAE7-5A5A-B6D1492A413A} = {A1937C35-CBDF-B435-1B8B-FEC2F6CB0687}
		{B904AF55-11BA-E49E-7EFD-52B263FBC571} = {A1937C35-CBDF-B435-1B8B-FEC2F6CB0687}
		{8251B606-5E90-5A7A-16D2-5930FC4F6B3C} = {A1937C35-CBDF-B435-1B8B-FEC2F6CB0687}
		{942DF226-D5D0-23D1-0953-A79C15AAB84D} = {A1937C35-CBDF-B435-1B8B-FEC2F6CB0687}
		{266D76D7-4DF6-82F5-2B0F-0239DA4239E2} = {A1937C35-CBDF-B435-1B8B-FEC2F6CB0687}
		{102AD310-CE6B-CB98-F9BD-0C688591E180} = {7DCC2776-4353-15BF-13E7-A93451A82664}
		{90D57EF1-678D-BFB7-9B36-7B73352FF4C0} = {102AD310-CE6B-CB98-F9BD-0C688591E180}
		{F3614FD0-3F93-D824-4646-7E9A4CFE1015} = {90D57EF1-678D-BFB7-9B36-7B73352FF4C0}
		{899A25A7-36BB-5970-A2DC-EA1417016E51} = {3840DD05-703A-4D5E-C75B-B10FD1BD7A72}
		{A59DA449-97E1-D645-05EB-C02341AAC10B} = {899A25A7-36BB-5970-A2DC-EA1417016E51}
		{3FB60235-213C-3554-F8F7-9773B462A423} = {A59DA449-97E1-D645-05EB-C02341AAC10B}
		{843F7D76-8B95-1FF2-1037-237EC260FA3A} = {A59DA449-97E1-D645-05EB-C02341AAC10B}
		{15AC36A3-A7D5-C864-9D41-7C5F8B9E3B83} = {899A25A7-36BB-5970-A2DC-EA1417016E51}
		{2362D2FE-36E4-25F1-287E-4E65E79D6679} = {15AC36A3-A7D5-C864-9D41-7C5F8B9E3B83}
		{03D48DCF-76B6-134B-5969-9AD913BEE113} = {15AC36A3-A7D5-C864-9D41-7C5F8B9E3B83}
		{4A72F7FE-2708-6DD9-76A2-5B525E9D2A7D} = {15AC36A3-A7D5-C864-9D41-7C5F8B9E3B83}
		{B9E1D99B-487D-510E-07DF-735AC5BAC198} = {15AC36A3-A7D5-C864-9D41-7C5F8B9E3B83}
		{BC9F7281-9CD7-BD68-6D6B-F0ED413D80D5} = {899A25A7-36BB-5970-A2DC-EA1417016E51}
		{10092E85-D157-12CC-9C54-5B508B8F3A45} = {BC9F7281-9CD7-BD68-6D6B-F0ED413D80D5}
		{2D956144-9F5A-86F2-18EA-115AB57F9E83} = {BC9F7281-9CD7-BD68-6D6B-F0ED413D80D5}
		{BF4F2CC5-427F-2B68-15A0-9D84CF224819} = {2D956144-9F5A-86F2-18EA-115AB57F9E83}
		{68B071D2-20E1-887A-75E5-F86008B4F49E} = {2D956144-9F5A-86F2-18EA-115AB57F9E83}
		{8329FCBF-3A80-0206-8A76-DC8FB3F62DDF} = {2D956144-9F5A-86F2-18EA-115AB57F9E83}
		{0BC507FC-F460-573A-272C-B5CD72716ACC} = {2D956144-9F5A-86F2-18EA-115AB57F9E83}
		{21C06082-EA20-7D76-48DD-D5557B017F55} = {2D956144-9F5A-86F2-18EA-115AB57F9E83}
		{CDC70030-4636-9847-96CF-0C01A6D45DBB} = {2D956144-9F5A-86F2-18EA-115AB57F9E83}
		{FF99776C-1225-D3E1-406C-BCCB2985E9A4} = {2D956144-9F5A-86F2-18EA-115AB57F9E83}
		{B4C0E0BF-0C58-6086-2317-553F8E6C27FA} = {2D956144-9F5A-86F2-18EA-115AB57F9E83}
		{8D922E3F-8E6C-F2EB-0165-50EAF45E8F28} = {2D956144-9F5A-86F2-18EA-115AB57F9E83}
		{C5D17F67-64E3-35FC-507C-84F25D4FEB22} = {2D956144-9F5A-86F2-18EA-115AB57F9E83}
		{30EFE4B4-0482-998F-A067-6A4F6F231184} = {2D956144-9F5A-86F2-18EA-115AB57F9E83}
		{1615350A-F857-E8DC-EA9B-DFCAFC983CD3} = {BC9F7281-9CD7-BD68-6D6B-F0ED413D80D5}
		{F0009A62-E68C-2096-3849-9E1BE7E9B6FD} = {1615350A-F857-E8DC-EA9B-DFCAFC983CD3}
		{CDB7F517-3B1B-9AA8-8694-8B7DD27495D3} = {1615350A-F857-E8DC-EA9B-DFCAFC983CD3}
		{8807DBEF-B9F5-789A-C3B0-46DEECC11527} = {1615350A-F857-E8DC-EA9B-DFCAFC983CD3}
		{15D9A833-7AE5-116A-D730-11EF86829000} = {1615350A-F857-E8DC-EA9B-DFCAFC983CD3}
		{1D9A57D2-F0A3-E4A7-A84E-66A97FEE27D8} = {1615350A-F857-E8DC-EA9B-DFCAFC983CD3}
		{AC69F3DB-F5D5-3BC4-E8B3-8C6CA4F8B143} = {1615350A-F857-E8DC-EA9B-DFCAFC983CD3}
		{E1CDC6A7-AB51-E462-A10E-3481996750E2} = {1615350A-F857-E8DC-EA9B-DFCAFC983CD3}
		{2A147FE4-B061-A017-1FB6-6E96FC30A7E4} = {1615350A-F857-E8DC-EA9B-DFCAFC983CD3}
		{085E8B0C-39DD-7743-D439-8756799C3C1B} = {1615350A-F857-E8DC-EA9B-DFCAFC983CD3}
		{5368B9CE-C827-0A08-2404-06CD5586FA9C} = {1615350A-F857-E8DC-EA9B-DFCAFC983CD3}
		{4DF7BCC0-7A88-D877-A107-7198F6F78D3B} = {1615350A-F857-E8DC-EA9B-DFCAFC983CD3}
		{1B73A027-A0CB-DE41-2630-1D0553E98996} = {1615350A-F857-E8DC-EA9B-DFCAFC983CD3}
		{064CDCA7-CFB9-38CC-BC00-74E3C9D42D7D} = {1615350A-F857-E8DC-EA9B-DFCAFC983CD3}
		{AA2557FF-0CB6-09BE-40A0-8148B32E1A1C} = {1615350A-F857-E8DC-EA9B-DFCAFC983CD3}
		{C2448B65-0543-B557-14FF-28679045A828} = {1615350A-F857-E8DC-EA9B-DFCAFC983CD3}
		{A207B590-4652-40E8-1E1B-3B4457320709} = {BC9F7281-9CD7-BD68-6D6B-F0ED413D80D5}
		{DE982197-6996-02D6-66EB-32D5EAB9B352} = {A207B590-4652-40E8-1E1B-3B4457320709}
		{AF4AC7CD-EEC5-4DBC-12F3-9A8D44034F5F} = {A207B590-4652-40E8-1E1B-3B4457320709}
		{1933F421-7084-14E3-E33D-E0D94841DBDB} = {BC9F7281-9CD7-BD68-6D6B-F0ED413D80D5}
		{6ABF610D-933D-B7DC-E135-D23F365AEDA6} = {1933F421-7084-14E3-E33D-E0D94841DBDB}
		{E3F4208A-4AC1-14FE-DE52-06A0C31ECE2F} = {1933F421-7084-14E3-E33D-E0D94841DBDB}
		{D46BECD8-8970-B343-98BD-C7B335B30C8C} = {1933F421-7084-14E3-E33D-E0D94841DBDB}
		{F8C03644-F42B-0E12-7190-A0AA8DB2E8C4} = {BC9F7281-9CD7-BD68-6D6B-F0ED413D80D5}
		{75488ABC-D4DD-F153-75C8-245FC2F64282} = {F8C03644-F42B-0E12-7190-A0AA8DB2E8C4}
		{460BDF3E-6FAD-FE3D-1F55-42CA0557AEAD} = {F8C03644-F42B-0E12-7190-A0AA8DB2E8C4}
		{51EF850F-9A86-DA97-2F67-308CBB37A162} = {F8C03644-F42B-0E12-7190-A0AA8DB2E8C4}
		{A8EDECB9-0914-3285-AACF-2A52652E422D} = {F8C03644-F42B-0E12-7190-A0AA8DB2E8C4}
		{638E4FA3-FF85-03B9-BCA1-3D7FEDF40B8F} = {F8C03644-F42B-0E12-7190-A0AA8DB2E8C4}
		{1CB54680-AA04-41D8-93BA-A87A508E8A78} = {F8C03644-F42B-0E12-7190-A0AA8DB2E8C4}
		{0E4B2944-2C61-5248-E596-6E5E53D4B972} = {899A25A7-36BB-5970-A2DC-EA1417016E51}
		{7B337ABE-6784-E185-B961-88400A6DA460} = {0E4B2944-2C61-5248-E596-6E5E53D4B972}
		{BAB7655A-A12A-4E98-D129-8E2DD0F5DBD6} = {7B337ABE-6784-E185-B961-88400A6DA460}
		{84FE8669-1414-3AFA-7B66-8B924074FDC1} = {7B337ABE-6784-E185-B961-88400A6DA460}
		{610257B9-4D04-45FF-964D-8035763AD642} = {7B337ABE-6784-E185-B961-88400A6DA460}
		{8674BB0D-464A-4BD8-89D2-A322A5DCFD57} = {7B337ABE-6784-E185-B961-88400A6DA460}
		{27CCAF39-A7B4-10B7-D691-3E1F8EC45ED8} = {0E4B2944-2C61-5248-E596-6E5E53D4B972}
		{C1717C34-BFD2-AEA9-03DA-705753440E9E} = {27CCAF39-A7B4-10B7-D691-3E1F8EC45ED8}
		{72CF00CA-0679-E508-8260-D67100D07274} = {27CCAF39-A7B4-10B7-D691-3E1F8EC45ED8}
		{4E4F4783-0828-4370-CC5C-7753A39D5DFA} = {27CCAF39-A7B4-10B7-D691-3E1F8EC45ED8}
		{B102AC9B-A4C4-D696-A9E7-2FFC1DA614A1} = {0E4B2944-2C61-5248-E596-6E5E53D4B972}
		{C1671204-E1A4-70D1-F216-4A8063C53E1E} = {B102AC9B-A4C4-D696-A9E7-2FFC1DA614A1}
		{E8990E73-8157-4943-5976-6A807754EF07} = {B102AC9B-A4C4-D696-A9E7-2FFC1DA614A1}
		{84247F27-C8A8-E6EB-9FED-3BDD6BA232C4} = {B102AC9B-A4C4-D696-A9E7-2FFC1DA614A1}
		{EBC56376-75CC-7752-5847-D07DD36E5947} = {B102AC9B-A4C4-D696-A9E7-2FFC1DA614A1}
		{68E5EB9B-3095-33F5-4555-44981008929B} = {0E4B2944-2C61-5248-E596-6E5E53D4B972}
		{82DFCBCA-7D60-5182-AAFC-15619ED66C17} = {68E5EB9B-3095-33F5-4555-44981008929B}
		{EE5086CD-4F33-2350-59C6-61366523F6DC} = {68E5EB9B-3095-33F5-4555-44981008929B}
		{0725D762-E456-4763-EF4D-8E425A168FA5} = {68E5EB9B-3095-33F5-4555-44981008929B}
		{B40F07AA-56FB-A7D7-BB47-657B74F8573F} = {68E5EB9B-3095-33F5-4555-44981008929B}
		{2A2E0506-9BF1-D9E4-CFBB-ACC56A1B6927} = {0E4B2944-2C61-5248-E596-6E5E53D4B972}
		{6A430732-B9E1-9916-4977-B5DBAF5C82FB} = {2A2E0506-9BF1-D9E4-CFBB-ACC56A1B6927}
		{F0EF2B47-55F0-BDAA-F048-2A062E3E74B0} = {2A2E0506-9BF1-D9E4-CFBB-ACC56A1B6927}
		{BBE600AC-1D6A-07C8-4F50-B4E4D6D1EFE2} = {2A2E0506-9BF1-D9E4-CFBB-ACC56A1B6927}
		{B0313693-FC71-1D41-4E8E-8101438BA135} = {0E4B2944-2C61-5248-E596-6E5E53D4B972}
		{4A08CE8B-CE3A-0DB2-5587-1EC94AEE814B} = {B0313693-FC71-1D41-4E8E-8101438BA135}
		{A9E1CD68-1AF6-6245-9A03-35B7886D6B4D} = {B0313693-FC71-1D41-4E8E-8101438BA135}
		{1BFE88C3-D19D-0C80-9BC9-D006172632DA} = {B0313693-FC71-1D41-4E8E-8101438BA135}
		{AE4B3A80-0B71-F290-8FE3-30E35154EB51} = {B0313693-FC71-1D41-4E8E-8101438BA135}
		{A40CE962-F2DE-1F4C-7C18-0F73B6B71347} = {0E4B2944-2C61-5248-E596-6E5E53D4B972}
		{6F4EAC22-7A06-B1E7-F8A8-C1444C19115D} = {A40CE962-F2DE-1F4C-7C18-0F73B6B71347}
		{133E5764-C064-6685-70C3-19DF8D8584C4} = {A40CE962-F2DE-1F4C-7C18-0F73B6B71347}
		{EB4139EA-1474-177B-AD19-09ECCC4A191A} = {A40CE962-F2DE-1F4C-7C18-0F73B6B71347}
		{13F11EE6-8455-6DE1-FB88-57D23575A898} = {A40CE962-F2DE-1F4C-7C18-0F73B6B71347}
		{46D700ED-F2D0-F52E-5D53-1B05F08D6DA6} = {0E4B2944-2C61-5248-E596-6E5E53D4B972}
		{F42B5AF5-8D1F-742B-5F05-8AFEDC021057} = {46D700ED-F2D0-F52E-5D53-1B05F08D6DA6}
		{C9848640-FB5B-B92D-F11E-FB2DF036F482} = {F8C03644-F42B-0E12-7190-A0AA8DB2E8C4}
		{ADE20961-B7D6-6923-67F5-2B084020AD5C} = {C9848640-FB5B-B92D-F11E-FB2DF036F482}
		{27A5D9A5-1A31-B1AB-04D7-3D37C76F4249} = {C9848640-FB5B-B92D-F11E-FB2DF036F482}
		{62BAC9F5-1670-8A43-8210-57DACD3D611F} = {C9848640-FB5B-B92D-F11E-FB2DF036F482}
		{636536AD-D2D2-CD40-5215-343E1B23CB75} = {F8C03644-F42B-0E12-7190-A0AA8DB2E8C4}
		{9A2E6BB3-8517-FC57-FFAC-E436B6B7FBD3} = {636536AD-D2D2-CD40-5215-343E1B23CB75}
		{571EDB24-E8CF-2BC2-EE53-3DB4F8E46D7A} = {636536AD-D2D2-CD40-5215-343E1B23CB75}
		{7F72D9FA-63F8-7E81-ABDD-65E24607D364} = {636536AD-D2D2-CD40-5215-343E1B23CB75}
		{31F4FD57-A0ED-D5EE-3DD1-93AA3D9D524A} = {F8C03644-F42B-0E12-7190-A0AA8DB2E8C4}
		{A6C7E8FC-BDC0-6947-E5F4-889E3D0D2BBC} = {31F4FD57-A0ED-D5EE-3DD1-93AA3D9D524A}
		{2569D48E-999F-AAF7-BBE4-937FFFA7BC57} = {31F4FD57-A0ED-D5EE-3DD1-93AA3D9D524A}
		{5FCB9EE4-A533-56F3-1D96-BC631A21EF87} = {F8C03644-F42B-0E12-7190-A0AA8DB2E8C4}
		{1BEDC971-5FFB-4B25-FA60-55038688B80C} = {5FCB9EE4-A533-56F3-1D96-BC631A21EF87}
		{1B838CFE-9786-585A-C47D-6AECAF534396} = {5FCB9EE4-A533-56F3-1D96-BC631A21EF87}
		{CF70F344-BC6F-13E5-93BB-D74960FAC961} = {5FCB9EE4-A533-56F3-1D96-BC631A21EF87}
		{A8057DEA-CE72-4D38-86D4-7E2D2CD582E2} = {F8C03644-F42B-0E12-7190-A0AA8DB2E8C4}
		{88C4455E-B81C-5274-B424-3EA92053BEF0} = {A8057DEA-CE72-4D38-86D4-7E2D2CD582E2}
		{83DD048C-A6ED-F70E-297F-D92EA6756E5B} = {F8C03644-F42B-0E12-7190-A0AA8DB2E8C4}
		{FF75F010-8D7F-A571-7BD0-256BED4B3C46} = {83DD048C-A6ED-F70E-297F-D92EA6756E5B}
		{80BF4929-B742-98A4-0FE6-CDC98BBA04F4} = {F8C03644-F42B-0E12-7190-A0AA8DB2E8C4}
		{BFAE78DB-217F-9422-3680-2FE48B1C396A} = {80BF4929-B742-98A4-0FE6-CDC98BBA04F4}
		{548D5EEE-1052-7E77-2CC2-2250BDC9F023} = {80BF4929-B742-98A4-0FE6-CDC98BBA04F4}
		{376F7913-BD19-745D-C715-726DF107FE14} = {80BF4929-B742-98A4-0FE6-CDC98BBA04F4}
		{F4B2266D-4EA0-8B9C-2446-A192A8DC8EDB} = {80BF4929-B742-98A4-0FE6-CDC98BBA04F4}
		{97FCE72C-5EF0-A538-EAD8-BC4CA009D061} = {80BF4929-B742-98A4-0FE6-CDC98BBA04F4}
	EndGlobalSection
	GlobalSection(ExtensibilityGlobals) = postSolution
		SolutionGuid = {951E5037-4FD7-41C4-BAC3-9AF31CD217E0}
	EndGlobalSection
EndGlobal
