Microsoft Visual Studio Solution File, Format Version 12.00
# Visual Studio Version 17
VisualStudioVersion = 17.5.2.0
MinimumVisualStudioVersion = 10.0.40219.1
Project("{2150E333-8FDC-42A3-9474-1A3956D46DE8}") = "archive", "archive", "{51D3FFFF-5534-FA11-DF10-1E59F2D397C6}"
EndProject
Project("{2150E333-8FDC-42A3-9474-1A3956D46DE8}") = "computational_layer_ingested_20251025", "computational_layer_ingested_20251025", "{BE9C6C98-0BCF-97CE-9AEA-0B8816351422}"
EndProject
Project("{FAE04EC0-301F-11D3-BF4B-00C04F79EFBC}") = "AIOS.Core", "archive\computational_layer_ingested_20251025\core_systems\AIOS.Core.csproj", "{EC6B1A7E-D707-C0EC-8A67-F036ACEB6F2B}"
EndProject
Global
	GlobalSection(SolutionConfigurationPlatforms) = preSolution
		Debug|Any CPU = Debug|Any CPU
		Release|Any CPU = Release|Any CPU
	EndGlobalSection
	GlobalSection(ProjectConfigurationPlatforms) = postSolution
		{EC6B1A7E-D707-C0EC-8A67-F036ACEB6F2B}.Debug|Any CPU.ActiveCfg = Debug|Any CPU
		{EC6B1A7E-D707-C0EC-8A67-F036ACEB6F2B}.Debug|Any CPU.Build.0 = Debug|Any CPU
		{EC6B1A7E-D707-C0EC-8A67-F036ACEB6F2B}.Release|Any CPU.ActiveCfg = Release|Any CPU
		{EC6B1A7E-D707-C0EC-8A67-F036ACEB6F2B}.Release|Any CPU.Build.0 = Release|Any CPU
	EndGlobalSection
	GlobalSection(SolutionProperties) = preSolution
		HideSolutionNode = FALSE
	EndGlobalSection
	GlobalSection(NestedProjects) = preSolution
		{BE9C6C98-0BCF-97CE-9AEA-0B8816351422} = {51D3FFFF-5534-FA11-DF10-1E59F2D397C6}
		{EC6B1A7E-D707-C0EC-8A67-F036ACEB6F2B} = {BE9C6C98-0BCF-97CE-9AEA-0B8816351422}
	EndGlobalSection
	GlobalSection(ExtensibilityGlobals) = postSolution
		SolutionGuid = {62FCCE2F-A830-4C7A-8440-592C24325B83}
	EndGlobalSection
EndGlobal
